// !$*UTF8*$!
{
	archiveVersion = 1;
	classes = {
	};
	objectVersion = 50;
	objects = {

/* Begin PBXBuildFile section */
		F40681CE2669820700BE6BEE /* NSUserDefaults+UNXQuickLookGenerator.h in Headers */ = {isa = PBXBuildFile; fileRef = F40681CC2669820700BE6BEE /* NSUserDefaults+UNXQuickLookGenerator.h */; };
		F40681CF2669820700BE6BEE /* NSUserDefaults+UNXQuickLookGenerator.m in Sources */ = {isa = PBXBuildFile; fileRef = F40681CD2669820700BE6BEE /* NSUserDefaults+UNXQuickLookGenerator.m */; };
		F4069C5726683CC7002B32F5 /* CUICrashLog.m in Sources */ = {isa = PBXBuildFile; fileRef = F4069C5226683CC6002B32F5 /* CUICrashLog.m */; };
		F4069C5826683CC7002B32F5 /* CUICodeType.h in Headers */ = {isa = PBXBuildFile; fileRef = F4069C5326683CC6002B32F5 /* CUICodeType.h */; };
		F4069C5926683CC7002B32F5 /* CUIRawCrashLog.m in Sources */ = {isa = PBXBuildFile; fileRef = F4069C5426683CC6002B32F5 /* CUIRawCrashLog.m */; };
		F4069C5A26683CC7002B32F5 /* CUICrashLog.h in Headers */ = {isa = PBXBuildFile; fileRef = F4069C5526683CC7002B32F5 /* CUICrashLog.h */; };
		F4069C5B26683CC7002B32F5 /* CUIRawCrashLog.h in Headers */ = {isa = PBXBuildFile; fileRef = F4069C5626683CC7002B32F5 /* CUIRawCrashLog.h */; };
		F4069C7026683CF9002B32F5 /* CUICrashLogBacktraces.m in Sources */ = {isa = PBXBuildFile; fileRef = F4069C5C26683CF7002B32F5 /* CUICrashLogBacktraces.m */; };
		F4069C7126683CF9002B32F5 /* CUIRegister.h in Headers */ = {isa = PBXBuildFile; fileRef = F4069C5D26683CF8002B32F5 /* CUIRegister.h */; };
		F4069C7226683CF9002B32F5 /* CUICrashLogExceptionInformation.h in Headers */ = {isa = PBXBuildFile; fileRef = F4069C5E26683CF8002B32F5 /* CUICrashLogExceptionInformation.h */; };
		F4069C7326683CF9002B32F5 /* CUIBinaryImage.m in Sources */ = {isa = PBXBuildFile; fileRef = F4069C5F26683CF8002B32F5 /* CUIBinaryImage.m */; };
		F4069C7426683CF9002B32F5 /* CUICrashLogExceptionInformation+UI.h in Headers */ = {isa = PBXBuildFile; fileRef = F4069C6026683CF8002B32F5 /* CUICrashLogExceptionInformation+UI.h */; };
		F4069C7526683CF9002B32F5 /* CUICrashLogExceptionInformation+UI.m in Sources */ = {isa = PBXBuildFile; fileRef = F4069C6126683CF8002B32F5 /* CUICrashLogExceptionInformation+UI.m */; };
		F4069C7626683CF9002B32F5 /* CUICrashLogHeader.m in Sources */ = {isa = PBXBuildFile; fileRef = F4069C6226683CF8002B32F5 /* CUICrashLogHeader.m */; };
		F4069C7726683CF9002B32F5 /* CUICrashLogThreadState.h in Headers */ = {isa = PBXBuildFile; fileRef = F4069C6326683CF8002B32F5 /* CUICrashLogThreadState.h */; };
		F4069C7826683CF9002B32F5 /* CUICrashLogThreadState+UI.h in Headers */ = {isa = PBXBuildFile; fileRef = F4069C6426683CF8002B32F5 /* CUICrashLogThreadState+UI.h */; };
		F4069C7926683CF9002B32F5 /* CUICrashLogThreadState+UI.m in Sources */ = {isa = PBXBuildFile; fileRef = F4069C6526683CF8002B32F5 /* CUICrashLogThreadState+UI.m */; };
		F4069C7A26683CF9002B32F5 /* CUICrashLogBinaryImages.h in Headers */ = {isa = PBXBuildFile; fileRef = F4069C6626683CF8002B32F5 /* CUICrashLogBinaryImages.h */; };
		F4069C7B26683CF9002B32F5 /* CUICrashLogHeader.h in Headers */ = {isa = PBXBuildFile; fileRef = F4069C6726683CF8002B32F5 /* CUICrashLogHeader.h */; };
		F4069C7C26683CF9002B32F5 /* CUICrashLogExceptionInformation.m in Sources */ = {isa = PBXBuildFile; fileRef = F4069C6826683CF8002B32F5 /* CUICrashLogExceptionInformation.m */; };
		F4069C7D26683CF9002B32F5 /* CUIRegister.m in Sources */ = {isa = PBXBuildFile; fileRef = F4069C6926683CF8002B32F5 /* CUIRegister.m */; };
		F4069C7E26683CF9002B32F5 /* CUICrashLogDianosticMessages.h in Headers */ = {isa = PBXBuildFile; fileRef = F4069C6A26683CF9002B32F5 /* CUICrashLogDianosticMessages.h */; };
		F4069C7F26683CF9002B32F5 /* CUICrashLogBinaryImages.m in Sources */ = {isa = PBXBuildFile; fileRef = F4069C6B26683CF9002B32F5 /* CUICrashLogBinaryImages.m */; };
		F4069C8026683CF9002B32F5 /* CUICrashLogDianosticMessages.m in Sources */ = {isa = PBXBuildFile; fileRef = F4069C6C26683CF9002B32F5 /* CUICrashLogDianosticMessages.m */; };
		F4069C8126683CF9002B32F5 /* CUICrashLogBacktraces.h in Headers */ = {isa = PBXBuildFile; fileRef = F4069C6D26683CF9002B32F5 /* CUICrashLogBacktraces.h */; };
		F4069C8226683CF9002B32F5 /* CUICrashLogThreadState.m in Sources */ = {isa = PBXBuildFile; fileRef = F4069C6E26683CF9002B32F5 /* CUICrashLogThreadState.m */; };
		F4069C8326683CF9002B32F5 /* CUIBinaryImage.h in Headers */ = {isa = PBXBuildFile; fileRef = F4069C6F26683CF9002B32F5 /* CUIBinaryImage.h */; };
		F4069C8A26683D10002B32F5 /* CUICallStackBacktrace.m in Sources */ = {isa = PBXBuildFile; fileRef = F4069C8426683D10002B32F5 /* CUICallStackBacktrace.m */; };
		F4069C8B26683D10002B32F5 /* CUIStackFrame.m in Sources */ = {isa = PBXBuildFile; fileRef = F4069C8526683D10002B32F5 /* CUIStackFrame.m */; };
		F4069C8C26683D10002B32F5 /* CUIThread.m in Sources */ = {isa = PBXBuildFile; fileRef = F4069C8626683D10002B32F5 /* CUIThread.m */; };
		F4069C8D26683D10002B32F5 /* CUICallStackBacktrace.h in Headers */ = {isa = PBXBuildFile; fileRef = F4069C8726683D10002B32F5 /* CUICallStackBacktrace.h */; };
		F4069C8E26683D10002B32F5 /* CUIStackFrame.h in Headers */ = {isa = PBXBuildFile; fileRef = F4069C8826683D10002B32F5 /* CUIStackFrame.h */; };
		F4069C8F26683D10002B32F5 /* CUIThread.h in Headers */ = {isa = PBXBuildFile; fileRef = F4069C8926683D10002B32F5 /* CUIThread.h */; };
		F4069C9326683D2E002B32F5 /* NSArray+WBExtensions.m in Sources */ = {isa = PBXBuildFile; fileRef = F4069C9126683D2D002B32F5 /* NSArray+WBExtensions.m */; };
		F4069C9426683D2E002B32F5 /* NSArray+WBExtensions.h in Headers */ = {isa = PBXBuildFile; fileRef = F4069C9226683D2D002B32F5 /* NSArray+WBExtensions.h */; };
		F4069C9726683D88002B32F5 /* CUIParsingErrors.m in Sources */ = {isa = PBXBuildFile; fileRef = F4069C9526683D88002B32F5 /* CUIParsingErrors.m */; };
		F4069C9A26683DA0002B32F5 /* CUICrashLogSectionsDetector.h in Headers */ = {isa = PBXBuildFile; fileRef = F4069C9826683DA0002B32F5 /* CUICrashLogSectionsDetector.h */; };
		F4069C9B26683DA0002B32F5 /* CUICrashLogSectionsDetector.m in Sources */ = {isa = PBXBuildFile; fileRef = F4069C9926683DA0002B32F5 /* CUICrashLogSectionsDetector.m */; };
		F4069C9E26683DFF002B32F5 /* CUIOperatingSystemVersion.h in Headers */ = {isa = PBXBuildFile; fileRef = F4069C9C26683DFE002B32F5 /* CUIOperatingSystemVersion.h */; };
		F4069C9F26683DFF002B32F5 /* CUIOperatingSystemVersion.m in Sources */ = {isa = PBXBuildFile; fileRef = F4069C9D26683DFF002B32F5 /* CUIOperatingSystemVersion.m */; };
		F4069CA226683E33002B32F5 /* CUICrashLogsProvider.m in Sources */ = {isa = PBXBuildFile; fileRef = F4069CA026683E33002B32F5 /* CUICrashLogsProvider.m */; };
		F4069CA326683E33002B32F5 /* CUICrashLogsProvider.h in Headers */ = {isa = PBXBuildFile; fileRef = F4069CA126683E33002B32F5 /* CUICrashLogsProvider.h */; };
		F4069CAB26683F49002B32F5 /* CUITextModeDisplaySettings.h in Headers */ = {isa = PBXBuildFile; fileRef = F4069CA926683F49002B32F5 /* CUITextModeDisplaySettings.h */; };
		F4069CAC26683F49002B32F5 /* CUITextModeDisplaySettings.m in Sources */ = {isa = PBXBuildFile; fileRef = F4069CAA26683F49002B32F5 /* CUITextModeDisplaySettings.m */; };
		F4069CB12668409E002B32F5 /* CUIThemeItemsGroup+UI.m in Sources */ = {isa = PBXBuildFile; fileRef = F4069CAF2668409D002B32F5 /* CUIThemeItemsGroup+UI.m */; };
		F4069CB22668409E002B32F5 /* CUIThemeItemsGroup+UI.h in Headers */ = {isa = PBXBuildFile; fileRef = F4069CB02668409D002B32F5 /* CUIThemeItemsGroup+UI.h */; };
		F4069CB5266840D1002B32F5 /* CUIThemeItemsGroup.h in Headers */ = {isa = PBXBuildFile; fileRef = F4069CB3266840D1002B32F5 /* CUIThemeItemsGroup.h */; };
		F4069CB6266840D1002B32F5 /* CUIThemeItemsGroup.m in Sources */ = {isa = PBXBuildFile; fileRef = F4069CB4266840D1002B32F5 /* CUIThemeItemsGroup.m */; };
		F4069CB9266840E2002B32F5 /* NSDictionary+WBExtensions.m in Sources */ = {isa = PBXBuildFile; fileRef = F4069CB7266840E2002B32F5 /* NSDictionary+WBExtensions.m */; };
		F4069CBE266840FB002B32F5 /* CUITheme.h in Headers */ = {isa = PBXBuildFile; fileRef = F4069CBA266840FA002B32F5 /* CUITheme.h */; };
		F4069CBF266840FB002B32F5 /* CUIThemeItemAttributes.h in Headers */ = {isa = PBXBuildFile; fileRef = F4069CBB266840FB002B32F5 /* CUIThemeItemAttributes.h */; };
		F4069CC0266840FB002B32F5 /* CUITheme.m in Sources */ = {isa = PBXBuildFile; fileRef = F4069CBC266840FB002B32F5 /* CUITheme.m */; };
		F4069CC1266840FB002B32F5 /* CUIThemeItemAttributes.m in Sources */ = {isa = PBXBuildFile; fileRef = F4069CBD266840FB002B32F5 /* CUIThemeItemAttributes.m */; };
		F4069CC52668411A002B32F5 /* NSColor+String.h in Headers */ = {isa = PBXBuildFile; fileRef = F4069CC32668411A002B32F5 /* NSColor+String.h */; };
		F4069CC62668411A002B32F5 /* NSColor+String.m in Sources */ = {isa = PBXBuildFile; fileRef = F4069CC42668411A002B32F5 /* NSColor+String.m */; };
		F4069CC926684136002B32F5 /* CUIThemesManager.h in Headers */ = {isa = PBXBuildFile; fileRef = F4069CC726684135002B32F5 /* CUIThemesManager.h */; };
		F4069CCA26684136002B32F5 /* CUIThemesManager.m in Sources */ = {isa = PBXBuildFile; fileRef = F4069CC826684135002B32F5 /* CUIThemesManager.m */; };
		F4069CCD26684143002B32F5 /* NSArray+UniqueName.h in Headers */ = {isa = PBXBuildFile; fileRef = F4069CCB26684143002B32F5 /* NSArray+UniqueName.h */; };
		F4069CCE26684143002B32F5 /* NSArray+UniqueName.m in Sources */ = {isa = PBXBuildFile; fileRef = F4069CCC26684143002B32F5 /* NSArray+UniqueName.m */; };
		F4069CD32668415A002B32F5 /* CUIApplicationPreferences.h in Headers */ = {isa = PBXBuildFile; fileRef = F4069CCF2668415A002B32F5 /* CUIApplicationPreferences.h */; };
		F4069CD42668415A002B32F5 /* CUIApplicationPreferences.m in Sources */ = {isa = PBXBuildFile; fileRef = F4069CD02668415A002B32F5 /* CUIApplicationPreferences.m */; };
		F4069CD52668415A002B32F5 /* CUIApplicationPreferences+Themes.m in Sources */ = {isa = PBXBuildFile; fileRef = F4069CD12668415A002B32F5 /* CUIApplicationPreferences+Themes.m */; };
		F4069CD62668415A002B32F5 /* CUIApplicationPreferences+Themes.h in Headers */ = {isa = PBXBuildFile; fileRef = F4069CD22668415A002B32F5 /* CUIApplicationPreferences+Themes.h */; };
		F4069CD92668416B002B32F5 /* NSDictionary+MutableDeepCopy.h in Headers */ = {isa = PBXBuildFile; fileRef = F4069CD72668416B002B32F5 /* NSDictionary+MutableDeepCopy.h */; };
		F4069CDA2668416B002B32F5 /* NSDictionary+MutableDeepCopy.m in Sources */ = {isa = PBXBuildFile; fileRef = F4069CD82668416B002B32F5 /* NSDictionary+MutableDeepCopy.m */; };
		F4069CDD26684199002B32F5 /* CUIOutlineModeDisplaySettings.m in Sources */ = {isa = PBXBuildFile; fileRef = F4069CDB26684199002B32F5 /* CUIOutlineModeDisplaySettings.m */; };
		F4069CDE26684199002B32F5 /* CUIOutlineModeDisplaySettings.h in Headers */ = {isa = PBXBuildFile; fileRef = F4069CDC26684199002B32F5 /* CUIOutlineModeDisplaySettings.h */; };
		F4069CE1266842E5002B32F5 /* NSFileManager+ExtendedAttributes.h in Headers */ = {isa = PBXBuildFile; fileRef = F4069CDF266842E5002B32F5 /* NSFileManager+ExtendedAttributes.h */; };
		F4069CE2266842E5002B32F5 /* NSFileManager+ExtendedAttributes.m in Sources */ = {isa = PBXBuildFile; fileRef = F4069CE0266842E5002B32F5 /* NSFileManager+ExtendedAttributes.m */; };
		F4069CE42668430B002B32F5 /* default_themes.plist in Resources */ = {isa = PBXBuildFile; fileRef = F4069CE32668430B002B32F5 /* default_themes.plist */; };
		F41C5D64266988AB00DE5D3A /* CUIStackFrameComponents.h in Headers */ = {isa = PBXBuildFile; fileRef = F41C5D63266988AB00DE5D3A /* CUIStackFrameComponents.h */; };
		F428C08F27245CF400FB8CAC /* IPSReport+CrashRepresentation.h in Headers */ = {isa = PBXBuildFile; fileRef = F428C08D27245CF400FB8CAC /* IPSReport+CrashRepresentation.h */; };
		F428C09027245CF400FB8CAC /* IPSReport+CrashRepresentation.m in Sources */ = {isa = PBXBuildFile; fileRef = F428C08E27245CF400FB8CAC /* IPSReport+CrashRepresentation.m */; };
		F428C0C027245D0800FB8CAC /* IPSImage.m in Sources */ = {isa = PBXBuildFile; fileRef = F428C09127245D0500FB8CAC /* IPSImage.m */; };
		F428C0C127245D0800FB8CAC /* IPSIncidentHeader.m in Sources */ = {isa = PBXBuildFile; fileRef = F428C09227245D0500FB8CAC /* IPSIncidentHeader.m */; };
		F428C0C227245D0800FB8CAC /* IPSIncidentExceptionInformation.m in Sources */ = {isa = PBXBuildFile; fileRef = F428C09327245D0500FB8CAC /* IPSIncidentExceptionInformation.m */; };
		F428C0C327245D0800FB8CAC /* IPSIncidentDiagnosticMessage.m in Sources */ = {isa = PBXBuildFile; fileRef = F428C09427245D0500FB8CAC /* IPSIncidentDiagnosticMessage.m */; };
		F428C0C427245D0800FB8CAC /* IPSReport.m in Sources */ = {isa = PBXBuildFile; fileRef = F428C09527245D0500FB8CAC /* IPSReport.m */; };
		F428C0C527245D0800FB8CAC /* IPSThreadInstructionState.m in Sources */ = {isa = PBXBuildFile; fileRef = F428C09627245D0500FB8CAC /* IPSThreadInstructionState.m */; };
		F428C0C627245D0800FB8CAC /* IPSThreadInstructionStream.m in Sources */ = {isa = PBXBuildFile; fileRef = F428C09727245D0500FB8CAC /* IPSThreadInstructionStream.m */; };
		F428C0C727245D0800FB8CAC /* IPSIncident.h in Headers */ = {isa = PBXBuildFile; fileRef = F428C09827245D0500FB8CAC /* IPSIncident.h */; };
		F428C0C827245D0800FB8CAC /* IPSRegisterState.m in Sources */ = {isa = PBXBuildFile; fileRef = F428C09927245D0500FB8CAC /* IPSRegisterState.m */; };
		F428C0C927245D0800FB8CAC /* IPSDateFormatter.m in Sources */ = {isa = PBXBuildFile; fileRef = F428C09A27245D0500FB8CAC /* IPSDateFormatter.m */; };
		F428C0CA27245D0800FB8CAC /* IPSApplicationSpecificInformation.m in Sources */ = {isa = PBXBuildFile; fileRef = F428C09B27245D0600FB8CAC /* IPSApplicationSpecificInformation.m */; };
		F428C0CB27245D0800FB8CAC /* IPSSummary.m in Sources */ = {isa = PBXBuildFile; fileRef = F428C09C27245D0600FB8CAC /* IPSSummary.m */; };
		F428C0CC27245D0800FB8CAC /* IPSTermination.m in Sources */ = {isa = PBXBuildFile; fileRef = F428C09D27245D0600FB8CAC /* IPSTermination.m */; };
		F428C0CD27245D0800FB8CAC /* IPSExternalModificationSummary.m in Sources */ = {isa = PBXBuildFile; fileRef = F428C09E27245D0600FB8CAC /* IPSExternalModificationSummary.m */; };
		F428C0CE27245D0800FB8CAC /* IPSError.h in Headers */ = {isa = PBXBuildFile; fileRef = F428C09F27245D0600FB8CAC /* IPSError.h */; };
		F428C0CF27245D0800FB8CAC /* IPSExternalModificationStatistics.m in Sources */ = {isa = PBXBuildFile; fileRef = F428C0A027245D0600FB8CAC /* IPSExternalModificationStatistics.m */; };
		F428C0D027245D0800FB8CAC /* IPSReport.h in Headers */ = {isa = PBXBuildFile; fileRef = F428C0A127245D0600FB8CAC /* IPSReport.h */; };
		F428C0D127245D0800FB8CAC /* IPSTermination.h in Headers */ = {isa = PBXBuildFile; fileRef = F428C0A227245D0600FB8CAC /* IPSTermination.h */; };
		F428C0D227245D0800FB8CAC /* IPSBundleInfo.m in Sources */ = {isa = PBXBuildFile; fileRef = F428C0A327245D0600FB8CAC /* IPSBundleInfo.m */; };
		F428C0D327245D0800FB8CAC /* IPSException.m in Sources */ = {isa = PBXBuildFile; fileRef = F428C0A427245D0600FB8CAC /* IPSException.m */; };
		F428C0D427245D0800FB8CAC /* IPSObjectProtocol.h in Headers */ = {isa = PBXBuildFile; fileRef = F428C0A527245D0600FB8CAC /* IPSObjectProtocol.h */; };
		F428C0D527245D0800FB8CAC /* IPSSummary.h in Headers */ = {isa = PBXBuildFile; fileRef = F428C0A627245D0600FB8CAC /* IPSSummary.h */; };
		F428C0D627245D0800FB8CAC /* IPSThread.m in Sources */ = {isa = PBXBuildFile; fileRef = F428C0A727245D0600FB8CAC /* IPSThread.m */; };
		F428C0D727245D0800FB8CAC /* IPSIncidentExceptionInformation.h in Headers */ = {isa = PBXBuildFile; fileRef = F428C0A827245D0600FB8CAC /* IPSIncidentExceptionInformation.h */; };
		F428C0D827245D0800FB8CAC /* IPSThreadFrame.m in Sources */ = {isa = PBXBuildFile; fileRef = F428C0A927245D0600FB8CAC /* IPSThreadFrame.m */; };
		F428C0D927245D0800FB8CAC /* IPSExternalModificationSummary.h in Headers */ = {isa = PBXBuildFile; fileRef = F428C0AA27245D0600FB8CAC /* IPSExternalModificationSummary.h */; };
		F428C0DA27245D0800FB8CAC /* IPSError.m in Sources */ = {isa = PBXBuildFile; fileRef = F428C0AB27245D0600FB8CAC /* IPSError.m */; };
		F428C0DB27245D0800FB8CAC /* IPSDateFormatter.h in Headers */ = {isa = PBXBuildFile; fileRef = F428C0AC27245D0600FB8CAC /* IPSDateFormatter.h */; };
		F428C0DC27245D0800FB8CAC /* IPSThreadFrame.h in Headers */ = {isa = PBXBuildFile; fileRef = F428C0AD27245D0600FB8CAC /* IPSThreadFrame.h */; };
		F428C0DD27245D0800FB8CAC /* IPSOperatingSystemVersion.m in Sources */ = {isa = PBXBuildFile; fileRef = F428C0AE27245D0700FB8CAC /* IPSOperatingSystemVersion.m */; };
		F428C0DE27245D0800FB8CAC /* IPSThreadInstructionState.h in Headers */ = {isa = PBXBuildFile; fileRef = F428C0AF27245D0700FB8CAC /* IPSThreadInstructionState.h */; };
		F428C0DF27245D0800FB8CAC /* IPSThreadInstructionStream.h in Headers */ = {isa = PBXBuildFile; fileRef = F428C0B027245D0700FB8CAC /* IPSThreadInstructionStream.h */; };
		F428C0E027245D0800FB8CAC /* IPSThreadState.h in Headers */ = {isa = PBXBuildFile; fileRef = F428C0B127245D0700FB8CAC /* IPSThreadState.h */; };
		F428C0E127245D0800FB8CAC /* IPSThreadState.m in Sources */ = {isa = PBXBuildFile; fileRef = F428C0B227245D0700FB8CAC /* IPSThreadState.m */; };
		F428C0E227245D0800FB8CAC /* IPSImage.h in Headers */ = {isa = PBXBuildFile; fileRef = F428C0B327245D0700FB8CAC /* IPSImage.h */; };
		F428C0E327245D0800FB8CAC /* IPSExternalModificationStatistics.h in Headers */ = {isa = PBXBuildFile; fileRef = F428C0B427245D0700FB8CAC /* IPSExternalModificationStatistics.h */; };
		F428C0E427245D0800FB8CAC /* IPSApplicationSpecificInformation.h in Headers */ = {isa = PBXBuildFile; fileRef = F428C0B527245D0700FB8CAC /* IPSApplicationSpecificInformation.h */; };
		F428C0E527245D0800FB8CAC /* IPSLegacyInfo.h in Headers */ = {isa = PBXBuildFile; fileRef = F428C0B627245D0700FB8CAC /* IPSLegacyInfo.h */; };
		F428C0E627245D0800FB8CAC /* IPSBundleInfo.h in Headers */ = {isa = PBXBuildFile; fileRef = F428C0B727245D0700FB8CAC /* IPSBundleInfo.h */; };
		F428C0E727245D0800FB8CAC /* IPSLegacyInfo.m in Sources */ = {isa = PBXBuildFile; fileRef = F428C0B827245D0700FB8CAC /* IPSLegacyInfo.m */; };
		F428C0E827245D0800FB8CAC /* IPSThread.h in Headers */ = {isa = PBXBuildFile; fileRef = F428C0B927245D0700FB8CAC /* IPSThread.h */; };
		F428C0E927245D0800FB8CAC /* IPSIncident.m in Sources */ = {isa = PBXBuildFile; fileRef = F428C0BA27245D0700FB8CAC /* IPSIncident.m */; };
		F428C0EA27245D0800FB8CAC /* IPSIncidentDiagnosticMessage.h in Headers */ = {isa = PBXBuildFile; fileRef = F428C0BB27245D0800FB8CAC /* IPSIncidentDiagnosticMessage.h */; };
		F428C0EB27245D0800FB8CAC /* IPSRegisterState.h in Headers */ = {isa = PBXBuildFile; fileRef = F428C0BC27245D0800FB8CAC /* IPSRegisterState.h */; };
		F428C0EC27245D0800FB8CAC /* IPSIncidentHeader.h in Headers */ = {isa = PBXBuildFile; fileRef = F428C0BD27245D0800FB8CAC /* IPSIncidentHeader.h */; };
		F428C0ED27245D0800FB8CAC /* IPSOperatingSystemVersion.h in Headers */ = {isa = PBXBuildFile; fileRef = F428C0BE27245D0800FB8CAC /* IPSOperatingSystemVersion.h */; };
		F428C0EE27245D0800FB8CAC /* IPSException.h in Headers */ = {isa = PBXBuildFile; fileRef = F428C0BF27245D0800FB8CAC /* IPSException.h */; };
		F47F766D2673577C00A74905 /* CUICrashLogErrors.h in Headers */ = {isa = PBXBuildFile; fileRef = F47F76692673577C00A74905 /* CUICrashLogErrors.h */; };
		F47F766E2673577C00A74905 /* CUICrashLogErrors.m in Sources */ = {isa = PBXBuildFile; fileRef = F47F766A2673577C00A74905 /* CUICrashLogErrors.m */; };
		F47F766F2673577C00A74905 /* CUICrashLogsOpenErrorRecord.m in Sources */ = {isa = PBXBuildFile; fileRef = F47F766B2673577C00A74905 /* CUICrashLogsOpenErrorRecord.m */; };
		F47F76702673577C00A74905 /* CUICrashLogsOpenErrorRecord.h in Headers */ = {isa = PBXBuildFile; fileRef = F47F766C2673577C00A74905 /* CUICrashLogsOpenErrorRecord.h */; };
		F480FF76273B01B600905974 /* CUIBinaryImageUtility.m in Sources */ = {isa = PBXBuildFile; fileRef = F480FF74273B01B500905974 /* CUIBinaryImageUtility.m */; };
		F480FF77273B01B600905974 /* CUIBinaryImageUtility.h in Headers */ = {isa = PBXBuildFile; fileRef = F480FF75273B01B600905974 /* CUIBinaryImageUtility.h */; };
		F48DAE292661207800C93D40 /* GenerateThumbnailForURL.m in Sources */ = {isa = PBXBuildFile; fileRef = F48DAE282661207800C93D40 /* GenerateThumbnailForURL.m */; };
		F48DAE2B2661207800C93D40 /* GeneratePreviewForURL.m in Sources */ = {isa = PBXBuildFile; fileRef = F48DAE2A2661207800C93D40 /* GeneratePreviewForURL.m */; };
		F48DAE2D2661207800C93D40 /* main.c in Sources */ = {isa = PBXBuildFile; fileRef = F48DAE2C2661207800C93D40 /* main.c */; };
		F4ACF4BD266EC92000272A25 /* CUIThemesManager+QuickLookGenerator.h in Headers */ = {isa = PBXBuildFile; fileRef = F4ACF4BB266EC92000272A25 /* CUIThemesManager+QuickLookGenerator.h */; };
		F4ACF4BE266EC92000272A25 /* CUIThemesManager+QuickLookGenerator.m in Sources */ = {isa = PBXBuildFile; fileRef = F4ACF4BC266EC92000272A25 /* CUIThemesManager+QuickLookGenerator.m */; };
		F4D0EE98273DB91600CC9737 /* IPSThreadState+RegisterDisplayName.m in Sources */ = {isa = PBXBuildFile; fileRef = F4D0EE96273DB91600CC9737 /* IPSThreadState+RegisterDisplayName.m */; };
		F4D0EE99273DB91600CC9737 /* IPSThreadState+RegisterDisplayName.h in Headers */ = {isa = PBXBuildFile; fileRef = F4D0EE97273DB91600CC9737 /* IPSThreadState+RegisterDisplayName.h */; };
		F4D14D642745BFBC003698AD /* IPSImage+UserCode.m in Sources */ = {isa = PBXBuildFile; fileRef = F4D14D622745BFBB003698AD /* IPSImage+UserCode.m */; };
		F4D14D652745BFBC003698AD /* IPSImage+UserCode.h in Headers */ = {isa = PBXBuildFile; fileRef = F4D14D632745BFBC003698AD /* IPSImage+UserCode.h */; };
		F4DAFBF42736BA2100FB50A6 /* CUIDataTransform.h in Headers */ = {isa = PBXBuildFile; fileRef = F4DAFBF22736BA2000FB50A6 /* CUIDataTransform.h */; };
		F4DAFBF52736BA2100FB50A6 /* CUIDataTransform.m in Sources */ = {isa = PBXBuildFile; fileRef = F4DAFBF32736BA2100FB50A6 /* CUIDataTransform.m */; };
		F4DAFBF82736BA3100FB50A6 /* CUIIPSTransform.m in Sources */ = {isa = PBXBuildFile; fileRef = F4DAFBF62736BA3100FB50A6 /* CUIIPSTransform.m */; };
		F4DAFBF92736BA3100FB50A6 /* CUIIPSTransform.h in Headers */ = {isa = PBXBuildFile; fileRef = F4DAFBF72736BA3100FB50A6 /* CUIIPSTransform.h */; };
		F4E112B02735E6170072D40B /* CUICrashDataTransform.h in Headers */ = {isa = PBXBuildFile; fileRef = F4E112AE2735E6160072D40B /* CUICrashDataTransform.h */; };
		F4E112B12735E6170072D40B /* CUICrashDataTransform.m in Sources */ = {isa = PBXBuildFile; fileRef = F4E112AF2735E6170072D40B /* CUICrashDataTransform.m */; };
		F4FA4326273EF3FE0068EDB8 /* NSString+CPU.m in Sources */ = {isa = PBXBuildFile; fileRef = F4FA4324273EF3FD0068EDB8 /* NSString+CPU.m */; };
		F4FA4327273EF3FE0068EDB8 /* NSString+CPU.h in Headers */ = {isa = PBXBuildFile; fileRef = F4FA4325273EF3FE0068EDB8 /* NSString+CPU.h */; };
/* End PBXBuildFile section */

/* Begin PBXFileReference section */
		F40681CC2669820700BE6BEE /* NSUserDefaults+UNXQuickLookGenerator.h */ = {isa = PBXFileReference; lastKnownFileType = sourcecode.c.h; path = "NSUserDefaults+UNXQuickLookGenerator.h"; sourceTree = "<group>"; };
		F40681CD2669820700BE6BEE /* NSUserDefaults+UNXQuickLookGenerator.m */ = {isa = PBXFileReference; lastKnownFileType = sourcecode.c.objc; path = "NSUserDefaults+UNXQuickLookGenerator.m"; sourceTree = "<group>"; };
		F4069C5226683CC6002B32F5 /* CUICrashLog.m */ = {isa = PBXFileReference; fileEncoding = 4; lastKnownFileType = sourcecode.c.objc; name = CUICrashLog.m; path = ../../app_unexpectedly/app_unexpectedly/CUICrashLog.m; sourceTree = "<group>"; };
		F4069C5326683CC6002B32F5 /* CUICodeType.h */ = {isa = PBXFileReference; fileEncoding = 4; lastKnownFileType = sourcecode.c.h; name = CUICodeType.h; path = ../../app_unexpectedly/app_unexpectedly/CUICodeType.h; sourceTree = "<group>"; };
		F4069C5426683CC6002B32F5 /* CUIRawCrashLog.m */ = {isa = PBXFileReference; fileEncoding = 4; lastKnownFileType = sourcecode.c.objc; name = CUIRawCrashLog.m; path = ../../app_unexpectedly/app_unexpectedly/CUIRawCrashLog.m; sourceTree = "<group>"; };
		F4069C5526683CC7002B32F5 /* CUICrashLog.h */ = {isa = PBXFileReference; fileEncoding = 4; lastKnownFileType = sourcecode.c.h; name = CUICrashLog.h; path = ../../app_unexpectedly/app_unexpectedly/CUICrashLog.h; sourceTree = "<group>"; };
		F4069C5626683CC7002B32F5 /* CUIRawCrashLog.h */ = {isa = PBXFileReference; fileEncoding = 4; lastKnownFileType = sourcecode.c.h; name = CUIRawCrashLog.h; path = ../../app_unexpectedly/app_unexpectedly/CUIRawCrashLog.h; sourceTree = "<group>"; };
		F4069C5C26683CF7002B32F5 /* CUICrashLogBacktraces.m */ = {isa = PBXFileReference; fileEncoding = 4; lastKnownFileType = sourcecode.c.objc; name = CUICrashLogBacktraces.m; path = ../../app_unexpectedly/app_unexpectedly/CUICrashLogBacktraces.m; sourceTree = "<group>"; };
		F4069C5D26683CF8002B32F5 /* CUIRegister.h */ = {isa = PBXFileReference; fileEncoding = 4; lastKnownFileType = sourcecode.c.h; name = CUIRegister.h; path = ../../app_unexpectedly/app_unexpectedly/CUIRegister.h; sourceTree = "<group>"; };
		F4069C5E26683CF8002B32F5 /* CUICrashLogExceptionInformation.h */ = {isa = PBXFileReference; fileEncoding = 4; lastKnownFileType = sourcecode.c.h; name = CUICrashLogExceptionInformation.h; path = ../../app_unexpectedly/app_unexpectedly/CUICrashLogExceptionInformation.h; sourceTree = "<group>"; };
		F4069C5F26683CF8002B32F5 /* CUIBinaryImage.m */ = {isa = PBXFileReference; fileEncoding = 4; lastKnownFileType = sourcecode.c.objc; name = CUIBinaryImage.m; path = ../../app_unexpectedly/app_unexpectedly/CUIBinaryImage.m; sourceTree = "<group>"; };
		F4069C6026683CF8002B32F5 /* CUICrashLogExceptionInformation+UI.h */ = {isa = PBXFileReference; fileEncoding = 4; lastKnownFileType = sourcecode.c.h; name = "CUICrashLogExceptionInformation+UI.h"; path = "../../app_unexpectedly/app_unexpectedly/CUICrashLogExceptionInformation+UI.h"; sourceTree = "<group>"; };
		F4069C6126683CF8002B32F5 /* CUICrashLogExceptionInformation+UI.m */ = {isa = PBXFileReference; fileEncoding = 4; lastKnownFileType = sourcecode.c.objc; name = "CUICrashLogExceptionInformation+UI.m"; path = "../../app_unexpectedly/app_unexpectedly/CUICrashLogExceptionInformation+UI.m"; sourceTree = "<group>"; };
		F4069C6226683CF8002B32F5 /* CUICrashLogHeader.m */ = {isa = PBXFileReference; fileEncoding = 4; lastKnownFileType = sourcecode.c.objc; name = CUICrashLogHeader.m; path = ../../app_unexpectedly/app_unexpectedly/CUICrashLogHeader.m; sourceTree = "<group>"; };
		F4069C6326683CF8002B32F5 /* CUICrashLogThreadState.h */ = {isa = PBXFileReference; fileEncoding = 4; lastKnownFileType = sourcecode.c.h; name = CUICrashLogThreadState.h; path = ../../app_unexpectedly/app_unexpectedly/CUICrashLogThreadState.h; sourceTree = "<group>"; };
		F4069C6426683CF8002B32F5 /* CUICrashLogThreadState+UI.h */ = {isa = PBXFileReference; fileEncoding = 4; lastKnownFileType = sourcecode.c.h; name = "CUICrashLogThreadState+UI.h"; path = "../../app_unexpectedly/app_unexpectedly/CUICrashLogThreadState+UI.h"; sourceTree = "<group>"; };
		F4069C6526683CF8002B32F5 /* CUICrashLogThreadState+UI.m */ = {isa = PBXFileReference; fileEncoding = 4; lastKnownFileType = sourcecode.c.objc; name = "CUICrashLogThreadState+UI.m"; path = "../../app_unexpectedly/app_unexpectedly/CUICrashLogThreadState+UI.m"; sourceTree = "<group>"; };
		F4069C6626683CF8002B32F5 /* CUICrashLogBinaryImages.h */ = {isa = PBXFileReference; fileEncoding = 4; lastKnownFileType = sourcecode.c.h; name = CUICrashLogBinaryImages.h; path = ../../app_unexpectedly/app_unexpectedly/CUICrashLogBinaryImages.h; sourceTree = "<group>"; };
		F4069C6726683CF8002B32F5 /* CUICrashLogHeader.h */ = {isa = PBXFileReference; fileEncoding = 4; lastKnownFileType = sourcecode.c.h; name = CUICrashLogHeader.h; path = ../../app_unexpectedly/app_unexpectedly/CUICrashLogHeader.h; sourceTree = "<group>"; };
		F4069C6826683CF8002B32F5 /* CUICrashLogExceptionInformation.m */ = {isa = PBXFileReference; fileEncoding = 4; lastKnownFileType = sourcecode.c.objc; name = CUICrashLogExceptionInformation.m; path = ../../app_unexpectedly/app_unexpectedly/CUICrashLogExceptionInformation.m; sourceTree = "<group>"; };
		F4069C6926683CF8002B32F5 /* CUIRegister.m */ = {isa = PBXFileReference; fileEncoding = 4; lastKnownFileType = sourcecode.c.objc; name = CUIRegister.m; path = ../../app_unexpectedly/app_unexpectedly/CUIRegister.m; sourceTree = "<group>"; };
		F4069C6A26683CF9002B32F5 /* CUICrashLogDianosticMessages.h */ = {isa = PBXFileReference; fileEncoding = 4; lastKnownFileType = sourcecode.c.h; name = CUICrashLogDianosticMessages.h; path = ../../app_unexpectedly/app_unexpectedly/CUICrashLogDianosticMessages.h; sourceTree = "<group>"; };
		F4069C6B26683CF9002B32F5 /* CUICrashLogBinaryImages.m */ = {isa = PBXFileReference; fileEncoding = 4; lastKnownFileType = sourcecode.c.objc; name = CUICrashLogBinaryImages.m; path = ../../app_unexpectedly/app_unexpectedly/CUICrashLogBinaryImages.m; sourceTree = "<group>"; };
		F4069C6C26683CF9002B32F5 /* CUICrashLogDianosticMessages.m */ = {isa = PBXFileReference; fileEncoding = 4; lastKnownFileType = sourcecode.c.objc; name = CUICrashLogDianosticMessages.m; path = ../../app_unexpectedly/app_unexpectedly/CUICrashLogDianosticMessages.m; sourceTree = "<group>"; };
		F4069C6D26683CF9002B32F5 /* CUICrashLogBacktraces.h */ = {isa = PBXFileReference; fileEncoding = 4; lastKnownFileType = sourcecode.c.h; name = CUICrashLogBacktraces.h; path = ../../app_unexpectedly/app_unexpectedly/CUICrashLogBacktraces.h; sourceTree = "<group>"; };
		F4069C6E26683CF9002B32F5 /* CUICrashLogThreadState.m */ = {isa = PBXFileReference; fileEncoding = 4; lastKnownFileType = sourcecode.c.objc; name = CUICrashLogThreadState.m; path = ../../app_unexpectedly/app_unexpectedly/CUICrashLogThreadState.m; sourceTree = "<group>"; };
		F4069C6F26683CF9002B32F5 /* CUIBinaryImage.h */ = {isa = PBXFileReference; fileEncoding = 4; lastKnownFileType = sourcecode.c.h; name = CUIBinaryImage.h; path = ../../app_unexpectedly/app_unexpectedly/CUIBinaryImage.h; sourceTree = "<group>"; };
		F4069C8426683D10002B32F5 /* CUICallStackBacktrace.m */ = {isa = PBXFileReference; fileEncoding = 4; lastKnownFileType = sourcecode.c.objc; name = CUICallStackBacktrace.m; path = ../../app_unexpectedly/app_unexpectedly/CUICallStackBacktrace.m; sourceTree = "<group>"; };
		F4069C8526683D10002B32F5 /* CUIStackFrame.m */ = {isa = PBXFileReference; fileEncoding = 4; lastKnownFileType = sourcecode.c.objc; name = CUIStackFrame.m; path = ../../app_unexpectedly/app_unexpectedly/CUIStackFrame.m; sourceTree = "<group>"; };
		F4069C8626683D10002B32F5 /* CUIThread.m */ = {isa = PBXFileReference; fileEncoding = 4; lastKnownFileType = sourcecode.c.objc; name = CUIThread.m; path = ../../app_unexpectedly/app_unexpectedly/CUIThread.m; sourceTree = "<group>"; };
		F4069C8726683D10002B32F5 /* CUICallStackBacktrace.h */ = {isa = PBXFileReference; fileEncoding = 4; lastKnownFileType = sourcecode.c.h; name = CUICallStackBacktrace.h; path = ../../app_unexpectedly/app_unexpectedly/CUICallStackBacktrace.h; sourceTree = "<group>"; };
		F4069C8826683D10002B32F5 /* CUIStackFrame.h */ = {isa = PBXFileReference; fileEncoding = 4; lastKnownFileType = sourcecode.c.h; name = CUIStackFrame.h; path = ../../app_unexpectedly/app_unexpectedly/CUIStackFrame.h; sourceTree = "<group>"; };
		F4069C8926683D10002B32F5 /* CUIThread.h */ = {isa = PBXFileReference; fileEncoding = 4; lastKnownFileType = sourcecode.c.h; name = CUIThread.h; path = ../../app_unexpectedly/app_unexpectedly/CUIThread.h; sourceTree = "<group>"; };
		F4069C9126683D2D002B32F5 /* NSArray+WBExtensions.m */ = {isa = PBXFileReference; fileEncoding = 4; lastKnownFileType = sourcecode.c.objc; name = "NSArray+WBExtensions.m"; path = "../../app_unexpectedly/Foundation + Extensions/NSArray+WBExtensions.m"; sourceTree = "<group>"; };
		F4069C9226683D2D002B32F5 /* NSArray+WBExtensions.h */ = {isa = PBXFileReference; fileEncoding = 4; lastKnownFileType = sourcecode.c.h; name = "NSArray+WBExtensions.h"; path = "../../app_unexpectedly/Foundation + Extensions/NSArray+WBExtensions.h"; sourceTree = "<group>"; };
		F4069C9526683D88002B32F5 /* CUIParsingErrors.m */ = {isa = PBXFileReference; lastKnownFileType = sourcecode.c.objc; name = CUIParsingErrors.m; path = ../../app_unexpectedly/app_unexpectedly/CUIParsingErrors.m; sourceTree = "<group>"; };
		F4069C9626683D88002B32F5 /* CUIParsingErrors.h */ = {isa = PBXFileReference; lastKnownFileType = sourcecode.c.h; name = CUIParsingErrors.h; path = ../../app_unexpectedly/app_unexpectedly/CUIParsingErrors.h; sourceTree = "<group>"; };
		F4069C9826683DA0002B32F5 /* CUICrashLogSectionsDetector.h */ = {isa = PBXFileReference; fileEncoding = 4; lastKnownFileType = sourcecode.c.h; name = CUICrashLogSectionsDetector.h; path = ../../app_unexpectedly/app_unexpectedly/CUICrashLogSectionsDetector.h; sourceTree = "<group>"; };
		F4069C9926683DA0002B32F5 /* CUICrashLogSectionsDetector.m */ = {isa = PBXFileReference; fileEncoding = 4; lastKnownFileType = sourcecode.c.objc; name = CUICrashLogSectionsDetector.m; path = ../../app_unexpectedly/app_unexpectedly/CUICrashLogSectionsDetector.m; sourceTree = "<group>"; };
		F4069C9C26683DFE002B32F5 /* CUIOperatingSystemVersion.h */ = {isa = PBXFileReference; fileEncoding = 4; lastKnownFileType = sourcecode.c.h; name = CUIOperatingSystemVersion.h; path = ../../app_unexpectedly/app_unexpectedly/CUIOperatingSystemVersion.h; sourceTree = "<group>"; };
		F4069C9D26683DFF002B32F5 /* CUIOperatingSystemVersion.m */ = {isa = PBXFileReference; fileEncoding = 4; lastKnownFileType = sourcecode.c.objc; name = CUIOperatingSystemVersion.m; path = ../../app_unexpectedly/app_unexpectedly/CUIOperatingSystemVersion.m; sourceTree = "<group>"; };
		F4069CA026683E33002B32F5 /* CUICrashLogsProvider.m */ = {isa = PBXFileReference; fileEncoding = 4; lastKnownFileType = sourcecode.c.objc; name = CUICrashLogsProvider.m; path = ../../app_unexpectedly/app_unexpectedly/CUICrashLogsProvider.m; sourceTree = "<group>"; };
		F4069CA126683E33002B32F5 /* CUICrashLogsProvider.h */ = {isa = PBXFileReference; fileEncoding = 4; lastKnownFileType = sourcecode.c.h; name = CUICrashLogsProvider.h; path = ../../app_unexpectedly/app_unexpectedly/CUICrashLogsProvider.h; sourceTree = "<group>"; };
		F4069CA926683F49002B32F5 /* CUITextModeDisplaySettings.h */ = {isa = PBXFileReference; fileEncoding = 4; lastKnownFileType = sourcecode.c.h; name = CUITextModeDisplaySettings.h; path = ../../app_unexpectedly/app_unexpectedly/CUITextModeDisplaySettings.h; sourceTree = "<group>"; };
		F4069CAA26683F49002B32F5 /* CUITextModeDisplaySettings.m */ = {isa = PBXFileReference; fileEncoding = 4; lastKnownFileType = sourcecode.c.objc; name = CUITextModeDisplaySettings.m; path = ../../app_unexpectedly/app_unexpectedly/CUITextModeDisplaySettings.m; sourceTree = "<group>"; };
		F4069CAF2668409D002B32F5 /* CUIThemeItemsGroup+UI.m */ = {isa = PBXFileReference; fileEncoding = 4; lastKnownFileType = sourcecode.c.objc; name = "CUIThemeItemsGroup+UI.m"; path = "../../app_unexpectedly/app_unexpectedly/CUIThemeItemsGroup+UI.m"; sourceTree = "<group>"; };
		F4069CB02668409D002B32F5 /* CUIThemeItemsGroup+UI.h */ = {isa = PBXFileReference; fileEncoding = 4; lastKnownFileType = sourcecode.c.h; name = "CUIThemeItemsGroup+UI.h"; path = "../../app_unexpectedly/app_unexpectedly/CUIThemeItemsGroup+UI.h"; sourceTree = "<group>"; };
		F4069CB3266840D1002B32F5 /* CUIThemeItemsGroup.h */ = {isa = PBXFileReference; fileEncoding = 4; lastKnownFileType = sourcecode.c.h; name = CUIThemeItemsGroup.h; path = ../../app_unexpectedly/app_unexpectedly/CUIThemeItemsGroup.h; sourceTree = "<group>"; };
		F4069CB4266840D1002B32F5 /* CUIThemeItemsGroup.m */ = {isa = PBXFileReference; fileEncoding = 4; lastKnownFileType = sourcecode.c.objc; name = CUIThemeItemsGroup.m; path = ../../app_unexpectedly/app_unexpectedly/CUIThemeItemsGroup.m; sourceTree = "<group>"; };
		F4069CB7266840E2002B32F5 /* NSDictionary+WBExtensions.m */ = {isa = PBXFileReference; fileEncoding = 4; lastKnownFileType = sourcecode.c.objc; name = "NSDictionary+WBExtensions.m"; path = "../../app_unexpectedly/Foundation + Extensions/NSDictionary+WBExtensions.m"; sourceTree = "<group>"; };
		F4069CB8266840E2002B32F5 /* NSDictionary+WBExtensions.h */ = {isa = PBXFileReference; fileEncoding = 4; lastKnownFileType = sourcecode.c.h; name = "NSDictionary+WBExtensions.h"; path = "../../app_unexpectedly/Foundation + Extensions/NSDictionary+WBExtensions.h"; sourceTree = "<group>"; };
		F4069CBA266840FA002B32F5 /* CUITheme.h */ = {isa = PBXFileReference; fileEncoding = 4; lastKnownFileType = sourcecode.c.h; name = CUITheme.h; path = ../../app_unexpectedly/app_unexpectedly/CUITheme.h; sourceTree = "<group>"; };
		F4069CBB266840FB002B32F5 /* CUIThemeItemAttributes.h */ = {isa = PBXFileReference; fileEncoding = 4; lastKnownFileType = sourcecode.c.h; name = CUIThemeItemAttributes.h; path = ../../app_unexpectedly/app_unexpectedly/CUIThemeItemAttributes.h; sourceTree = "<group>"; };
		F4069CBC266840FB002B32F5 /* CUITheme.m */ = {isa = PBXFileReference; fileEncoding = 4; lastKnownFileType = sourcecode.c.objc; name = CUITheme.m; path = ../../app_unexpectedly/app_unexpectedly/CUITheme.m; sourceTree = "<group>"; };
		F4069CBD266840FB002B32F5 /* CUIThemeItemAttributes.m */ = {isa = PBXFileReference; fileEncoding = 4; lastKnownFileType = sourcecode.c.objc; name = CUIThemeItemAttributes.m; path = ../../app_unexpectedly/app_unexpectedly/CUIThemeItemAttributes.m; sourceTree = "<group>"; };
		F4069CC32668411A002B32F5 /* NSColor+String.h */ = {isa = PBXFileReference; fileEncoding = 4; lastKnownFileType = sourcecode.c.h; name = "NSColor+String.h"; path = "../../app_unexpectedly/AppKit + Extensions/NSColor+String.h"; sourceTree = "<group>"; };
		F4069CC42668411A002B32F5 /* NSColor+String.m */ = {isa = PBXFileReference; fileEncoding = 4; lastKnownFileType = sourcecode.c.objc; name = "NSColor+String.m"; path = "../../app_unexpectedly/AppKit + Extensions/NSColor+String.m"; sourceTree = "<group>"; };
		F4069CC726684135002B32F5 /* CUIThemesManager.h */ = {isa = PBXFileReference; fileEncoding = 4; lastKnownFileType = sourcecode.c.h; name = CUIThemesManager.h; path = ../../app_unexpectedly/app_unexpectedly/CUIThemesManager.h; sourceTree = "<group>"; };
		F4069CC826684135002B32F5 /* CUIThemesManager.m */ = {isa = PBXFileReference; fileEncoding = 4; lastKnownFileType = sourcecode.c.objc; name = CUIThemesManager.m; path = ../../app_unexpectedly/app_unexpectedly/CUIThemesManager.m; sourceTree = "<group>"; };
		F4069CCB26684143002B32F5 /* NSArray+UniqueName.h */ = {isa = PBXFileReference; fileEncoding = 4; lastKnownFileType = sourcecode.c.h; name = "NSArray+UniqueName.h"; path = "../../app_unexpectedly/Foundation + Extensions/NSArray+UniqueName.h"; sourceTree = "<group>"; };
		F4069CCC26684143002B32F5 /* NSArray+UniqueName.m */ = {isa = PBXFileReference; fileEncoding = 4; lastKnownFileType = sourcecode.c.objc; name = "NSArray+UniqueName.m"; path = "../../app_unexpectedly/Foundation + Extensions/NSArray+UniqueName.m"; sourceTree = "<group>"; };
		F4069CCF2668415A002B32F5 /* CUIApplicationPreferences.h */ = {isa = PBXFileReference; fileEncoding = 4; lastKnownFileType = sourcecode.c.h; name = CUIApplicationPreferences.h; path = ../../app_unexpectedly/app_unexpectedly/CUIApplicationPreferences.h; sourceTree = "<group>"; };
		F4069CD02668415A002B32F5 /* CUIApplicationPreferences.m */ = {isa = PBXFileReference; fileEncoding = 4; lastKnownFileType = sourcecode.c.objc; name = CUIApplicationPreferences.m; path = ../../app_unexpectedly/app_unexpectedly/CUIApplicationPreferences.m; sourceTree = "<group>"; };
		F4069CD12668415A002B32F5 /* CUIApplicationPreferences+Themes.m */ = {isa = PBXFileReference; fileEncoding = 4; lastKnownFileType = sourcecode.c.objc; name = "CUIApplicationPreferences+Themes.m"; path = "../../app_unexpectedly/app_unexpectedly/CUIApplicationPreferences+Themes.m"; sourceTree = "<group>"; };
		F4069CD22668415A002B32F5 /* CUIApplicationPreferences+Themes.h */ = {isa = PBXFileReference; fileEncoding = 4; lastKnownFileType = sourcecode.c.h; name = "CUIApplicationPreferences+Themes.h"; path = "../../app_unexpectedly/app_unexpectedly/CUIApplicationPreferences+Themes.h"; sourceTree = "<group>"; };
		F4069CD72668416B002B32F5 /* NSDictionary+MutableDeepCopy.h */ = {isa = PBXFileReference; fileEncoding = 4; lastKnownFileType = sourcecode.c.h; name = "NSDictionary+MutableDeepCopy.h"; path = "../../app_unexpectedly/Foundation + Extensions/NSDictionary+MutableDeepCopy.h"; sourceTree = "<group>"; };
		F4069CD82668416B002B32F5 /* NSDictionary+MutableDeepCopy.m */ = {isa = PBXFileReference; fileEncoding = 4; lastKnownFileType = sourcecode.c.objc; name = "NSDictionary+MutableDeepCopy.m"; path = "../../app_unexpectedly/Foundation + Extensions/NSDictionary+MutableDeepCopy.m"; sourceTree = "<group>"; };
		F4069CDB26684199002B32F5 /* CUIOutlineModeDisplaySettings.m */ = {isa = PBXFileReference; fileEncoding = 4; lastKnownFileType = sourcecode.c.objc; name = CUIOutlineModeDisplaySettings.m; path = ../../app_unexpectedly/app_unexpectedly/CUIOutlineModeDisplaySettings.m; sourceTree = "<group>"; };
		F4069CDC26684199002B32F5 /* CUIOutlineModeDisplaySettings.h */ = {isa = PBXFileReference; fileEncoding = 4; lastKnownFileType = sourcecode.c.h; name = CUIOutlineModeDisplaySettings.h; path = ../../app_unexpectedly/app_unexpectedly/CUIOutlineModeDisplaySettings.h; sourceTree = "<group>"; };
		F4069CDF266842E5002B32F5 /* NSFileManager+ExtendedAttributes.h */ = {isa = PBXFileReference; fileEncoding = 4; lastKnownFileType = sourcecode.c.h; name = "NSFileManager+ExtendedAttributes.h"; path = "../../app_unexpectedly/app_unexpectedly/NSFileManager+ExtendedAttributes.h"; sourceTree = "<group>"; };
		F4069CE0266842E5002B32F5 /* NSFileManager+ExtendedAttributes.m */ = {isa = PBXFileReference; fileEncoding = 4; lastKnownFileType = sourcecode.c.objc; name = "NSFileManager+ExtendedAttributes.m"; path = "../../app_unexpectedly/app_unexpectedly/NSFileManager+ExtendedAttributes.m"; sourceTree = "<group>"; };
		F4069CE32668430B002B32F5 /* default_themes.plist */ = {isa = PBXFileReference; fileEncoding = 4; lastKnownFileType = text.plist.xml; name = default_themes.plist; path = ../../app_unexpectedly/app_unexpectedly/default_themes.plist; sourceTree = "<group>"; };
		F41C5D63266988AB00DE5D3A /* CUIStackFrameComponents.h */ = {isa = PBXFileReference; fileEncoding = 4; lastKnownFileType = sourcecode.c.h; name = CUIStackFrameComponents.h; path = ../../app_unexpectedly/app_unexpectedly/CUIStackFrameComponents.h; sourceTree = "<group>"; };
		F428C08D27245CF400FB8CAC /* IPSReport+CrashRepresentation.h */ = {isa = PBXFileReference; fileEncoding = 4; lastKnownFileType = sourcecode.c.h; name = "IPSReport+CrashRepresentation.h"; path = "../../submodules/ips2crash/tool_ips2crash/ips2crash/IPSReport+CrashRepresentation.h"; sourceTree = "<group>"; };
		F428C08E27245CF400FB8CAC /* IPSReport+CrashRepresentation.m */ = {isa = PBXFileReference; fileEncoding = 4; lastKnownFileType = sourcecode.c.objc; name = "IPSReport+CrashRepresentation.m"; path = "../../submodules/ips2crash/tool_ips2crash/ips2crash/IPSReport+CrashRepresentation.m"; sourceTree = "<group>"; };
		F428C09127245D0500FB8CAC /* IPSImage.m */ = {isa = PBXFileReference; fileEncoding = 4; lastKnownFileType = sourcecode.c.objc; name = IPSImage.m; path = ../../submodules/ips2crash/Model/IPSImage.m; sourceTree = "<group>"; };
		F428C09227245D0500FB8CAC /* IPSIncidentHeader.m */ = {isa = PBXFileReference; fileEncoding = 4; lastKnownFileType = sourcecode.c.objc; name = IPSIncidentHeader.m; path = ../../submodules/ips2crash/Model/IPSIncidentHeader.m; sourceTree = "<group>"; };
		F428C09327245D0500FB8CAC /* IPSIncidentExceptionInformation.m */ = {isa = PBXFileReference; fileEncoding = 4; lastKnownFileType = sourcecode.c.objc; name = IPSIncidentExceptionInformation.m; path = ../../submodules/ips2crash/Model/IPSIncidentExceptionInformation.m; sourceTree = "<group>"; };
		F428C09427245D0500FB8CAC /* IPSIncidentDiagnosticMessage.m */ = {isa = PBXFileReference; fileEncoding = 4; lastKnownFileType = sourcecode.c.objc; name = IPSIncidentDiagnosticMessage.m; path = ../../submodules/ips2crash/Model/IPSIncidentDiagnosticMessage.m; sourceTree = "<group>"; };
		F428C09527245D0500FB8CAC /* IPSReport.m */ = {isa = PBXFileReference; fileEncoding = 4; lastKnownFileType = sourcecode.c.objc; name = IPSReport.m; path = ../../submodules/ips2crash/Model/IPSReport.m; sourceTree = "<group>"; };
		F428C09627245D0500FB8CAC /* IPSThreadInstructionState.m */ = {isa = PBXFileReference; fileEncoding = 4; lastKnownFileType = sourcecode.c.objc; name = IPSThreadInstructionState.m; path = ../../submodules/ips2crash/Model/IPSThreadInstructionState.m; sourceTree = "<group>"; };
		F428C09727245D0500FB8CAC /* IPSThreadInstructionStream.m */ = {isa = PBXFileReference; fileEncoding = 4; lastKnownFileType = sourcecode.c.objc; name = IPSThreadInstructionStream.m; path = ../../submodules/ips2crash/Model/IPSThreadInstructionStream.m; sourceTree = "<group>"; };
		F428C09827245D0500FB8CAC /* IPSIncident.h */ = {isa = PBXFileReference; fileEncoding = 4; lastKnownFileType = sourcecode.c.h; name = IPSIncident.h; path = ../../submodules/ips2crash/Model/IPSIncident.h; sourceTree = "<group>"; };
		F428C09927245D0500FB8CAC /* IPSRegisterState.m */ = {isa = PBXFileReference; fileEncoding = 4; lastKnownFileType = sourcecode.c.objc; name = IPSRegisterState.m; path = ../../submodules/ips2crash/Model/IPSRegisterState.m; sourceTree = "<group>"; };
		F428C09A27245D0500FB8CAC /* IPSDateFormatter.m */ = {isa = PBXFileReference; fileEncoding = 4; lastKnownFileType = sourcecode.c.objc; name = IPSDateFormatter.m; path = ../../submodules/ips2crash/Model/IPSDateFormatter.m; sourceTree = "<group>"; };
		F428C09B27245D0600FB8CAC /* IPSApplicationSpecificInformation.m */ = {isa = PBXFileReference; fileEncoding = 4; lastKnownFileType = sourcecode.c.objc; name = IPSApplicationSpecificInformation.m; path = ../../submodules/ips2crash/Model/IPSApplicationSpecificInformation.m; sourceTree = "<group>"; };
		F428C09C27245D0600FB8CAC /* IPSSummary.m */ = {isa = PBXFileReference; fileEncoding = 4; lastKnownFileType = sourcecode.c.objc; name = IPSSummary.m; path = ../../submodules/ips2crash/Model/IPSSummary.m; sourceTree = "<group>"; };
		F428C09D27245D0600FB8CAC /* IPSTermination.m */ = {isa = PBXFileReference; fileEncoding = 4; lastKnownFileType = sourcecode.c.objc; name = IPSTermination.m; path = ../../submodules/ips2crash/Model/IPSTermination.m; sourceTree = "<group>"; };
		F428C09E27245D0600FB8CAC /* IPSExternalModificationSummary.m */ = {isa = PBXFileReference; fileEncoding = 4; lastKnownFileType = sourcecode.c.objc; name = IPSExternalModificationSummary.m; path = ../../submodules/ips2crash/Model/IPSExternalModificationSummary.m; sourceTree = "<group>"; };
		F428C09F27245D0600FB8CAC /* IPSError.h */ = {isa = PBXFileReference; fileEncoding = 4; lastKnownFileType = sourcecode.c.h; name = IPSError.h; path = ../../submodules/ips2crash/Model/IPSError.h; sourceTree = "<group>"; };
		F428C0A027245D0600FB8CAC /* IPSExternalModificationStatistics.m */ = {isa = PBXFileReference; fileEncoding = 4; lastKnownFileType = sourcecode.c.objc; name = IPSExternalModificationStatistics.m; path = ../../submodules/ips2crash/Model/IPSExternalModificationStatistics.m; sourceTree = "<group>"; };
		F428C0A127245D0600FB8CAC /* IPSReport.h */ = {isa = PBXFileReference; fileEncoding = 4; lastKnownFileType = sourcecode.c.h; name = IPSReport.h; path = ../../submodules/ips2crash/Model/IPSReport.h; sourceTree = "<group>"; };
		F428C0A227245D0600FB8CAC /* IPSTermination.h */ = {isa = PBXFileReference; fileEncoding = 4; lastKnownFileType = sourcecode.c.h; name = IPSTermination.h; path = ../../submodules/ips2crash/Model/IPSTermination.h; sourceTree = "<group>"; };
		F428C0A327245D0600FB8CAC /* IPSBundleInfo.m */ = {isa = PBXFileReference; fileEncoding = 4; lastKnownFileType = sourcecode.c.objc; name = IPSBundleInfo.m; path = ../../submodules/ips2crash/Model/IPSBundleInfo.m; sourceTree = "<group>"; };
		F428C0A427245D0600FB8CAC /* IPSException.m */ = {isa = PBXFileReference; fileEncoding = 4; lastKnownFileType = sourcecode.c.objc; name = IPSException.m; path = ../../submodules/ips2crash/Model/IPSException.m; sourceTree = "<group>"; };
		F428C0A527245D0600FB8CAC /* IPSObjectProtocol.h */ = {isa = PBXFileReference; fileEncoding = 4; lastKnownFileType = sourcecode.c.h; name = IPSObjectProtocol.h; path = ../../submodules/ips2crash/Model/IPSObjectProtocol.h; sourceTree = "<group>"; };
		F428C0A627245D0600FB8CAC /* IPSSummary.h */ = {isa = PBXFileReference; fileEncoding = 4; lastKnownFileType = sourcecode.c.h; name = IPSSummary.h; path = ../../submodules/ips2crash/Model/IPSSummary.h; sourceTree = "<group>"; };
		F428C0A727245D0600FB8CAC /* IPSThread.m */ = {isa = PBXFileReference; fileEncoding = 4; lastKnownFileType = sourcecode.c.objc; name = IPSThread.m; path = ../../submodules/ips2crash/Model/IPSThread.m; sourceTree = "<group>"; };
		F428C0A827245D0600FB8CAC /* IPSIncidentExceptionInformation.h */ = {isa = PBXFileReference; fileEncoding = 4; lastKnownFileType = sourcecode.c.h; name = IPSIncidentExceptionInformation.h; path = ../../submodules/ips2crash/Model/IPSIncidentExceptionInformation.h; sourceTree = "<group>"; };
		F428C0A927245D0600FB8CAC /* IPSThreadFrame.m */ = {isa = PBXFileReference; fileEncoding = 4; lastKnownFileType = sourcecode.c.objc; name = IPSThreadFrame.m; path = ../../submodules/ips2crash/Model/IPSThreadFrame.m; sourceTree = "<group>"; };
		F428C0AA27245D0600FB8CAC /* IPSExternalModificationSummary.h */ = {isa = PBXFileReference; fileEncoding = 4; lastKnownFileType = sourcecode.c.h; name = IPSExternalModificationSummary.h; path = ../../submodules/ips2crash/Model/IPSExternalModificationSummary.h; sourceTree = "<group>"; };
		F428C0AB27245D0600FB8CAC /* IPSError.m */ = {isa = PBXFileReference; fileEncoding = 4; lastKnownFileType = sourcecode.c.objc; name = IPSError.m; path = ../../submodules/ips2crash/Model/IPSError.m; sourceTree = "<group>"; };
		F428C0AC27245D0600FB8CAC /* IPSDateFormatter.h */ = {isa = PBXFileReference; fileEncoding = 4; lastKnownFileType = sourcecode.c.h; name = IPSDateFormatter.h; path = ../../submodules/ips2crash/Model/IPSDateFormatter.h; sourceTree = "<group>"; };
		F428C0AD27245D0600FB8CAC /* IPSThreadFrame.h */ = {isa = PBXFileReference; fileEncoding = 4; lastKnownFileType = sourcecode.c.h; name = IPSThreadFrame.h; path = ../../submodules/ips2crash/Model/IPSThreadFrame.h; sourceTree = "<group>"; };
		F428C0AE27245D0700FB8CAC /* IPSOperatingSystemVersion.m */ = {isa = PBXFileReference; fileEncoding = 4; lastKnownFileType = sourcecode.c.objc; name = IPSOperatingSystemVersion.m; path = ../../submodules/ips2crash/Model/IPSOperatingSystemVersion.m; sourceTree = "<group>"; };
		F428C0AF27245D0700FB8CAC /* IPSThreadInstructionState.h */ = {isa = PBXFileReference; fileEncoding = 4; lastKnownFileType = sourcecode.c.h; name = IPSThreadInstructionState.h; path = ../../submodules/ips2crash/Model/IPSThreadInstructionState.h; sourceTree = "<group>"; };
		F428C0B027245D0700FB8CAC /* IPSThreadInstructionStream.h */ = {isa = PBXFileReference; fileEncoding = 4; lastKnownFileType = sourcecode.c.h; name = IPSThreadInstructionStream.h; path = ../../submodules/ips2crash/Model/IPSThreadInstructionStream.h; sourceTree = "<group>"; };
		F428C0B127245D0700FB8CAC /* IPSThreadState.h */ = {isa = PBXFileReference; fileEncoding = 4; lastKnownFileType = sourcecode.c.h; name = IPSThreadState.h; path = ../../submodules/ips2crash/Model/IPSThreadState.h; sourceTree = "<group>"; };
		F428C0B227245D0700FB8CAC /* IPSThreadState.m */ = {isa = PBXFileReference; fileEncoding = 4; lastKnownFileType = sourcecode.c.objc; name = IPSThreadState.m; path = ../../submodules/ips2crash/Model/IPSThreadState.m; sourceTree = "<group>"; };
		F428C0B327245D0700FB8CAC /* IPSImage.h */ = {isa = PBXFileReference; fileEncoding = 4; lastKnownFileType = sourcecode.c.h; name = IPSImage.h; path = ../../submodules/ips2crash/Model/IPSImage.h; sourceTree = "<group>"; };
		F428C0B427245D0700FB8CAC /* IPSExternalModificationStatistics.h */ = {isa = PBXFileReference; fileEncoding = 4; lastKnownFileType = sourcecode.c.h; name = IPSExternalModificationStatistics.h; path = ../../submodules/ips2crash/Model/IPSExternalModificationStatistics.h; sourceTree = "<group>"; };
		F428C0B527245D0700FB8CAC /* IPSApplicationSpecificInformation.h */ = {isa = PBXFileReference; fileEncoding = 4; lastKnownFileType = sourcecode.c.h; name = IPSApplicationSpecificInformation.h; path = ../../submodules/ips2crash/Model/IPSApplicationSpecificInformation.h; sourceTree = "<group>"; };
		F428C0B627245D0700FB8CAC /* IPSLegacyInfo.h */ = {isa = PBXFileReference; fileEncoding = 4; lastKnownFileType = sourcecode.c.h; name = IPSLegacyInfo.h; path = ../../submodules/ips2crash/Model/IPSLegacyInfo.h; sourceTree = "<group>"; };
		F428C0B727245D0700FB8CAC /* IPSBundleInfo.h */ = {isa = PBXFileReference; fileEncoding = 4; lastKnownFileType = sourcecode.c.h; name = IPSBundleInfo.h; path = ../../submodules/ips2crash/Model/IPSBundleInfo.h; sourceTree = "<group>"; };
		F428C0B827245D0700FB8CAC /* IPSLegacyInfo.m */ = {isa = PBXFileReference; fileEncoding = 4; lastKnownFileType = sourcecode.c.objc; name = IPSLegacyInfo.m; path = ../../submodules/ips2crash/Model/IPSLegacyInfo.m; sourceTree = "<group>"; };
		F428C0B927245D0700FB8CAC /* IPSThread.h */ = {isa = PBXFileReference; fileEncoding = 4; lastKnownFileType = sourcecode.c.h; name = IPSThread.h; path = ../../submodules/ips2crash/Model/IPSThread.h; sourceTree = "<group>"; };
		F428C0BA27245D0700FB8CAC /* IPSIncident.m */ = {isa = PBXFileReference; fileEncoding = 4; lastKnownFileType = sourcecode.c.objc; name = IPSIncident.m; path = ../../submodules/ips2crash/Model/IPSIncident.m; sourceTree = "<group>"; };
		F428C0BB27245D0800FB8CAC /* IPSIncidentDiagnosticMessage.h */ = {isa = PBXFileReference; fileEncoding = 4; lastKnownFileType = sourcecode.c.h; name = IPSIncidentDiagnosticMessage.h; path = ../../submodules/ips2crash/Model/IPSIncidentDiagnosticMessage.h; sourceTree = "<group>"; };
		F428C0BC27245D0800FB8CAC /* IPSRegisterState.h */ = {isa = PBXFileReference; fileEncoding = 4; lastKnownFileType = sourcecode.c.h; name = IPSRegisterState.h; path = ../../submodules/ips2crash/Model/IPSRegisterState.h; sourceTree = "<group>"; };
		F428C0BD27245D0800FB8CAC /* IPSIncidentHeader.h */ = {isa = PBXFileReference; fileEncoding = 4; lastKnownFileType = sourcecode.c.h; name = IPSIncidentHeader.h; path = ../../submodules/ips2crash/Model/IPSIncidentHeader.h; sourceTree = "<group>"; };
		F428C0BE27245D0800FB8CAC /* IPSOperatingSystemVersion.h */ = {isa = PBXFileReference; fileEncoding = 4; lastKnownFileType = sourcecode.c.h; name = IPSOperatingSystemVersion.h; path = ../../submodules/ips2crash/Model/IPSOperatingSystemVersion.h; sourceTree = "<group>"; };
		F428C0BF27245D0800FB8CAC /* IPSException.h */ = {isa = PBXFileReference; fileEncoding = 4; lastKnownFileType = sourcecode.c.h; name = IPSException.h; path = ../../submodules/ips2crash/Model/IPSException.h; sourceTree = "<group>"; };
		F47F76692673577C00A74905 /* CUICrashLogErrors.h */ = {isa = PBXFileReference; fileEncoding = 4; lastKnownFileType = sourcecode.c.h; name = CUICrashLogErrors.h; path = ../../app_unexpectedly/app_unexpectedly/CUICrashLogErrors.h; sourceTree = "<group>"; };
		F47F766A2673577C00A74905 /* CUICrashLogErrors.m */ = {isa = PBXFileReference; fileEncoding = 4; lastKnownFileType = sourcecode.c.objc; name = CUICrashLogErrors.m; path = ../../app_unexpectedly/app_unexpectedly/CUICrashLogErrors.m; sourceTree = "<group>"; };
		F47F766B2673577C00A74905 /* CUICrashLogsOpenErrorRecord.m */ = {isa = PBXFileReference; fileEncoding = 4; lastKnownFileType = sourcecode.c.objc; name = CUICrashLogsOpenErrorRecord.m; path = ../../app_unexpectedly/app_unexpectedly/CUICrashLogsOpenErrorRecord.m; sourceTree = "<group>"; };
		F47F766C2673577C00A74905 /* CUICrashLogsOpenErrorRecord.h */ = {isa = PBXFileReference; fileEncoding = 4; lastKnownFileType = sourcecode.c.h; name = CUICrashLogsOpenErrorRecord.h; path = ../../app_unexpectedly/app_unexpectedly/CUICrashLogsOpenErrorRecord.h; sourceTree = "<group>"; };
		F480FF74273B01B500905974 /* CUIBinaryImageUtility.m */ = {isa = PBXFileReference; fileEncoding = 4; lastKnownFileType = sourcecode.c.objc; name = CUIBinaryImageUtility.m; path = ../../app_unexpectedly/app_unexpectedly/CUIBinaryImageUtility.m; sourceTree = "<group>"; };
		F480FF75273B01B600905974 /* CUIBinaryImageUtility.h */ = {isa = PBXFileReference; fileEncoding = 4; lastKnownFileType = sourcecode.c.h; name = CUIBinaryImageUtility.h; path = ../../app_unexpectedly/app_unexpectedly/CUIBinaryImageUtility.h; sourceTree = "<group>"; };
		F48DAE252661207800C93D40 /* crashreport.qlgenerator */ = {isa = PBXFileReference; explicitFileType = wrapper.cfbundle; includeInIndex = 0; path = crashreport.qlgenerator; sourceTree = BUILT_PRODUCTS_DIR; };
		F48DAE282661207800C93D40 /* GenerateThumbnailForURL.m */ = {isa = PBXFileReference; lastKnownFileType = sourcecode.c.objc; path = GenerateThumbnailForURL.m; sourceTree = "<group>"; };
		F48DAE2A2661207800C93D40 /* GeneratePreviewForURL.m */ = {isa = PBXFileReference; lastKnownFileType = sourcecode.c.objc; path = GeneratePreviewForURL.m; sourceTree = "<group>"; };
		F48DAE2C2661207800C93D40 /* main.c */ = {isa = PBXFileReference; lastKnownFileType = sourcecode.c.c; path = main.c; sourceTree = "<group>"; };
		F48DAE2E2661207800C93D40 /* Info.plist */ = {isa = PBXFileReference; lastKnownFileType = text.plist.xml; path = Info.plist; sourceTree = "<group>"; };
		F48DAE3B266123C300C93D40 /* SharedConfigurationSettings.xcconfig */ = {isa = PBXFileReference; lastKnownFileType = text.xcconfig; name = SharedConfigurationSettings.xcconfig; path = ../Configs/SharedConfigurationSettings.xcconfig; sourceTree = "<group>"; };
		F4ACF4BB266EC92000272A25 /* CUIThemesManager+QuickLookGenerator.h */ = {isa = PBXFileReference; lastKnownFileType = sourcecode.c.h; path = "CUIThemesManager+QuickLookGenerator.h"; sourceTree = "<group>"; };
		F4ACF4BC266EC92000272A25 /* CUIThemesManager+QuickLookGenerator.m */ = {isa = PBXFileReference; lastKnownFileType = sourcecode.c.objc; path = "CUIThemesManager+QuickLookGenerator.m"; sourceTree = "<group>"; };
		F4D0EE96273DB91600CC9737 /* IPSThreadState+RegisterDisplayName.m */ = {isa = PBXFileReference; fileEncoding = 4; lastKnownFileType = sourcecode.c.objc; name = "IPSThreadState+RegisterDisplayName.m"; path = "../../submodules/ips2crash/tool_ips2crash/ips2crash/IPSThreadState+RegisterDisplayName.m"; sourceTree = "<group>"; };
		F4D0EE97273DB91600CC9737 /* IPSThreadState+RegisterDisplayName.h */ = {isa = PBXFileReference; fileEncoding = 4; lastKnownFileType = sourcecode.c.h; name = "IPSThreadState+RegisterDisplayName.h"; path = "../../submodules/ips2crash/tool_ips2crash/ips2crash/IPSThreadState+RegisterDisplayName.h"; sourceTree = "<group>"; };
		F4D14D622745BFBB003698AD /* IPSImage+UserCode.m */ = {isa = PBXFileReference; fileEncoding = 4; lastKnownFileType = sourcecode.c.objc; name = "IPSImage+UserCode.m"; path = "../../submodules/ips2crash/tool_ips2crash/ips2crash/IPSImage+UserCode.m"; sourceTree = "<group>"; };
		F4D14D632745BFBC003698AD /* IPSImage+UserCode.h */ = {isa = PBXFileReference; fileEncoding = 4; lastKnownFileType = sourcecode.c.h; name = "IPSImage+UserCode.h"; path = "../../submodules/ips2crash/tool_ips2crash/ips2crash/IPSImage+UserCode.h"; sourceTree = "<group>"; };
		F4DAFBF22736BA2000FB50A6 /* CUIDataTransform.h */ = {isa = PBXFileReference; fileEncoding = 4; lastKnownFileType = sourcecode.c.h; name = CUIDataTransform.h; path = ../../app_unexpectedly/app_unexpectedly/CUIDataTransform.h; sourceTree = "<group>"; };
		F4DAFBF32736BA2100FB50A6 /* CUIDataTransform.m */ = {isa = PBXFileReference; fileEncoding = 4; lastKnownFileType = sourcecode.c.objc; name = CUIDataTransform.m; path = ../../app_unexpectedly/app_unexpectedly/CUIDataTransform.m; sourceTree = "<group>"; };
		F4DAFBF62736BA3100FB50A6 /* CUIIPSTransform.m */ = {isa = PBXFileReference; fileEncoding = 4; lastKnownFileType = sourcecode.c.objc; name = CUIIPSTransform.m; path = ../../app_unexpectedly/app_unexpectedly/CUIIPSTransform.m; sourceTree = "<group>"; };
		F4DAFBF72736BA3100FB50A6 /* CUIIPSTransform.h */ = {isa = PBXFileReference; fileEncoding = 4; lastKnownFileType = sourcecode.c.h; name = CUIIPSTransform.h; path = ../../app_unexpectedly/app_unexpectedly/CUIIPSTransform.h; sourceTree = "<group>"; };
		F4E112AE2735E6160072D40B /* CUICrashDataTransform.h */ = {isa = PBXFileReference; fileEncoding = 4; lastKnownFileType = sourcecode.c.h; name = CUICrashDataTransform.h; path = ../../app_unexpectedly/app_unexpectedly/CUICrashDataTransform.h; sourceTree = "<group>"; };
		F4E112AF2735E6170072D40B /* CUICrashDataTransform.m */ = {isa = PBXFileReference; fileEncoding = 4; lastKnownFileType = sourcecode.c.objc; name = CUICrashDataTransform.m; path = ../../app_unexpectedly/app_unexpectedly/CUICrashDataTransform.m; sourceTree = "<group>"; };
		F4FA4324273EF3FD0068EDB8 /* NSString+CPU.m */ = {isa = PBXFileReference; fileEncoding = 4; lastKnownFileType = sourcecode.c.objc; name = "NSString+CPU.m"; path = "../../app_unexpectedly/Foundation + Extensions/NSString+CPU.m"; sourceTree = "<group>"; };
		F4FA4325273EF3FE0068EDB8 /* NSString+CPU.h */ = {isa = PBXFileReference; fileEncoding = 4; lastKnownFileType = sourcecode.c.h; name = "NSString+CPU.h"; path = "../../app_unexpectedly/Foundation + Extensions/NSString+CPU.h"; sourceTree = "<group>"; };
/* End PBXFileReference section */

/* Begin PBXFrameworksBuildPhase section */
		F48DAE222661207700C93D40 /* Frameworks */ = {
			isa = PBXFrameworksBuildPhase;
			buildActionMask = 2147483647;
			files = (
			);
			runOnlyForDeploymentPostprocessing = 0;
		};
/* End PBXFrameworksBuildPhase section */

/* Begin PBXGroup section */
		F40681D0266982B200BE6BEE /* Preferences */ = {
			isa = PBXGroup;
			children = (
				F4069CCF2668415A002B32F5 /* CUIApplicationPreferences.h */,
				F4069CD02668415A002B32F5 /* CUIApplicationPreferences.m */,
				F4069CD22668415A002B32F5 /* CUIApplicationPreferences+Themes.h */,
				F4069CD12668415A002B32F5 /* CUIApplicationPreferences+Themes.m */,
				F4069CA926683F49002B32F5 /* CUITextModeDisplaySettings.h */,
				F4069CAA26683F49002B32F5 /* CUITextModeDisplaySettings.m */,
				F4069CDC26684199002B32F5 /* CUIOutlineModeDisplaySettings.h */,
				F4069CDB26684199002B32F5 /* CUIOutlineModeDisplaySettings.m */,
			);
			name = Preferences;
			sourceTree = "<group>";
		};
		F40681D1266982F600BE6BEE /* Themes */ = {
			isa = PBXGroup;
			children = (
				F4069CBA266840FA002B32F5 /* CUITheme.h */,
				F4069CBC266840FB002B32F5 /* CUITheme.m */,
				F4069CBB266840FB002B32F5 /* CUIThemeItemAttributes.h */,
				F4069CBD266840FB002B32F5 /* CUIThemeItemAttributes.m */,
				F4069CB3266840D1002B32F5 /* CUIThemeItemsGroup.h */,
				F4069CB4266840D1002B32F5 /* CUIThemeItemsGroup.m */,
				F4069CB02668409D002B32F5 /* CUIThemeItemsGroup+UI.h */,
				F4069CAF2668409D002B32F5 /* CUIThemeItemsGroup+UI.m */,
				F4069CC726684135002B32F5 /* CUIThemesManager.h */,
				F4069CC826684135002B32F5 /* CUIThemesManager.m */,
			);
			name = Themes;
			sourceTree = "<group>";
		};
		F4069C9026683D1F002B32F5 /* Foundation + Extensions */ = {
			isa = PBXGroup;
			children = (
				F4069CCB26684143002B32F5 /* NSArray+UniqueName.h */,
				F4069CCC26684143002B32F5 /* NSArray+UniqueName.m */,
				F4069C9226683D2D002B32F5 /* NSArray+WBExtensions.h */,
				F4069C9126683D2D002B32F5 /* NSArray+WBExtensions.m */,
				F4069CD72668416B002B32F5 /* NSDictionary+MutableDeepCopy.h */,
				F4069CD82668416B002B32F5 /* NSDictionary+MutableDeepCopy.m */,
				F4069CB8266840E2002B32F5 /* NSDictionary+WBExtensions.h */,
				F4069CB7266840E2002B32F5 /* NSDictionary+WBExtensions.m */,
				F4069CDF266842E5002B32F5 /* NSFileManager+ExtendedAttributes.h */,
				F4069CE0266842E5002B32F5 /* NSFileManager+ExtendedAttributes.m */,
				F4FA4325273EF3FE0068EDB8 /* NSString+CPU.h */,
				F4FA4324273EF3FD0068EDB8 /* NSString+CPU.m */,
			);
			name = "Foundation + Extensions";
			sourceTree = "<group>";
		};
		F4069CA426683F04002B32F5 /* Transform */ = {
			isa = PBXGroup;
			children = (
				F4DAFBF22736BA2000FB50A6 /* CUIDataTransform.h */,
				F4DAFBF32736BA2100FB50A6 /* CUIDataTransform.m */,
				F4DAFBF72736BA3100FB50A6 /* CUIIPSTransform.h */,
				F4DAFBF62736BA3100FB50A6 /* CUIIPSTransform.m */,
				F4E112AE2735E6160072D40B /* CUICrashDataTransform.h */,
				F4E112AF2735E6170072D40B /* CUICrashDataTransform.m */,
			);
			name = Transform;
			sourceTree = "<group>";
		};
		F4069CC22668410A002B32F5 /* AppKit + Extensions */ = {
			isa = PBXGroup;
			children = (
				F4069CC32668411A002B32F5 /* NSColor+String.h */,
				F4069CC42668411A002B32F5 /* NSColor+String.m */,
			);
			name = "AppKit + Extensions";
			sourceTree = "<group>";
		};
		F428C08B27245CCD00FB8CAC /* ips model */ = {
			isa = PBXGroup;
			children = (
				F428C0B527245D0700FB8CAC /* IPSApplicationSpecificInformation.h */,
				F428C09B27245D0600FB8CAC /* IPSApplicationSpecificInformation.m */,
				F428C0B727245D0700FB8CAC /* IPSBundleInfo.h */,
				F428C0A327245D0600FB8CAC /* IPSBundleInfo.m */,
				F428C0AC27245D0600FB8CAC /* IPSDateFormatter.h */,
				F428C09A27245D0500FB8CAC /* IPSDateFormatter.m */,
				F428C09F27245D0600FB8CAC /* IPSError.h */,
				F428C0AB27245D0600FB8CAC /* IPSError.m */,
				F428C0BF27245D0800FB8CAC /* IPSException.h */,
				F428C0A427245D0600FB8CAC /* IPSException.m */,
				F428C0B427245D0700FB8CAC /* IPSExternalModificationStatistics.h */,
				F428C0A027245D0600FB8CAC /* IPSExternalModificationStatistics.m */,
				F428C0AA27245D0600FB8CAC /* IPSExternalModificationSummary.h */,
				F428C09E27245D0600FB8CAC /* IPSExternalModificationSummary.m */,
				F428C0B327245D0700FB8CAC /* IPSImage.h */,
				F428C09127245D0500FB8CAC /* IPSImage.m */,
				F428C09827245D0500FB8CAC /* IPSIncident.h */,
				F428C0BA27245D0700FB8CAC /* IPSIncident.m */,
				F428C0BB27245D0800FB8CAC /* IPSIncidentDiagnosticMessage.h */,
				F428C09427245D0500FB8CAC /* IPSIncidentDiagnosticMessage.m */,
				F428C0A827245D0600FB8CAC /* IPSIncidentExceptionInformation.h */,
				F428C09327245D0500FB8CAC /* IPSIncidentExceptionInformation.m */,
				F428C0BD27245D0800FB8CAC /* IPSIncidentHeader.h */,
				F428C09227245D0500FB8CAC /* IPSIncidentHeader.m */,
				F428C0B627245D0700FB8CAC /* IPSLegacyInfo.h */,
				F428C0B827245D0700FB8CAC /* IPSLegacyInfo.m */,
				F428C0A527245D0600FB8CAC /* IPSObjectProtocol.h */,
				F428C0BE27245D0800FB8CAC /* IPSOperatingSystemVersion.h */,
				F428C0AE27245D0700FB8CAC /* IPSOperatingSystemVersion.m */,
				F428C0BC27245D0800FB8CAC /* IPSRegisterState.h */,
				F428C09927245D0500FB8CAC /* IPSRegisterState.m */,
				F428C0A127245D0600FB8CAC /* IPSReport.h */,
				F428C09527245D0500FB8CAC /* IPSReport.m */,
				F428C0A627245D0600FB8CAC /* IPSSummary.h */,
				F428C09C27245D0600FB8CAC /* IPSSummary.m */,
				F428C0A227245D0600FB8CAC /* IPSTermination.h */,
				F428C09D27245D0600FB8CAC /* IPSTermination.m */,
				F428C0B927245D0700FB8CAC /* IPSThread.h */,
				F428C0A727245D0600FB8CAC /* IPSThread.m */,
				F428C0AD27245D0600FB8CAC /* IPSThreadFrame.h */,
				F428C0A927245D0600FB8CAC /* IPSThreadFrame.m */,
				F428C0AF27245D0700FB8CAC /* IPSThreadInstructionState.h */,
				F428C09627245D0500FB8CAC /* IPSThreadInstructionState.m */,
				F428C0B027245D0700FB8CAC /* IPSThreadInstructionStream.h */,
				F428C09727245D0500FB8CAC /* IPSThreadInstructionStream.m */,
				F428C0B127245D0700FB8CAC /* IPSThreadState.h */,
				F428C0B227245D0700FB8CAC /* IPSThreadState.m */,
			);
			name = "ips model";
			sourceTree = "<group>";
		};
		F428C08C27245CD500FB8CAC /* ips model + Extensions */ = {
			isa = PBXGroup;
			children = (
				F4D0EE97273DB91600CC9737 /* IPSThreadState+RegisterDisplayName.h */,
				F4D0EE96273DB91600CC9737 /* IPSThreadState+RegisterDisplayName.m */,
				F4D14D632745BFBC003698AD /* IPSImage+UserCode.h */,
				F4D14D622745BFBB003698AD /* IPSImage+UserCode.m */,
				F428C08D27245CF400FB8CAC /* IPSReport+CrashRepresentation.h */,
				F428C08E27245CF400FB8CAC /* IPSReport+CrashRepresentation.m */,
			);
			name = "ips model + Extensions";
			sourceTree = "<group>";
		};
		F48DAE1B2661207700C93D40 = {
			isa = PBXGroup;
			children = (
				F48DAE3B266123C300C93D40 /* SharedConfigurationSettings.xcconfig */,
				F48DAE272661207800C93D40 /* crashreport */,
				F48DAE262661207800C93D40 /* Products */,
			);
			sourceTree = "<group>";
		};
		F48DAE262661207800C93D40 /* Products */ = {
			isa = PBXGroup;
			children = (
				F48DAE252661207800C93D40 /* crashreport.qlgenerator */,
			);
			name = Products;
			sourceTree = "<group>";
		};
		F48DAE272661207800C93D40 /* crashreport */ = {
			isa = PBXGroup;
			children = (
				F41C5D63266988AB00DE5D3A /* CUIStackFrameComponents.h */,
				F480FF75273B01B600905974 /* CUIBinaryImageUtility.h */,
				F480FF74273B01B500905974 /* CUIBinaryImageUtility.m */,
				F428C08B27245CCD00FB8CAC /* ips model */,
				F428C08C27245CD500FB8CAC /* ips model + Extensions */,
				F4069CC22668410A002B32F5 /* AppKit + Extensions */,
				F4069C9026683D1F002B32F5 /* Foundation + Extensions */,
				F48DAE342661223300C93D40 /* Model */,
				F40681D0266982B200BE6BEE /* Preferences */,
				F40681D1266982F600BE6BEE /* Themes */,
				F4069CA426683F04002B32F5 /* Transform */,
				F40681CC2669820700BE6BEE /* NSUserDefaults+UNXQuickLookGenerator.h */,
				F40681CD2669820700BE6BEE /* NSUserDefaults+UNXQuickLookGenerator.m */,
				F4ACF4BB266EC92000272A25 /* CUIThemesManager+QuickLookGenerator.h */,
				F4ACF4BC266EC92000272A25 /* CUIThemesManager+QuickLookGenerator.m */,
				F48DAE282661207800C93D40 /* GenerateThumbnailForURL.m */,
				F48DAE2A2661207800C93D40 /* GeneratePreviewForURL.m */,
				F48DAE2C2661207800C93D40 /* main.c */,
				F48DAE2E2661207800C93D40 /* Info.plist */,
				F4069CE32668430B002B32F5 /* default_themes.plist */,
			);
			path = crashreport;
			sourceTree = "<group>";
		};
		F48DAE342661223300C93D40 /* Model */ = {
			isa = PBXGroup;
			children = (
				F4069C9626683D88002B32F5 /* CUIParsingErrors.h */,
				F4069C9526683D88002B32F5 /* CUIParsingErrors.m */,
				F4069C9C26683DFE002B32F5 /* CUIOperatingSystemVersion.h */,
				F4069C9D26683DFF002B32F5 /* CUIOperatingSystemVersion.m */,
				F4069C8726683D10002B32F5 /* CUICallStackBacktrace.h */,
				F4069C8426683D10002B32F5 /* CUICallStackBacktrace.m */,
				F4069C8826683D10002B32F5 /* CUIStackFrame.h */,
				F4069C8526683D10002B32F5 /* CUIStackFrame.m */,
				F4069C8926683D10002B32F5 /* CUIThread.h */,
				F4069C8626683D10002B32F5 /* CUIThread.m */,
				F4069C6F26683CF9002B32F5 /* CUIBinaryImage.h */,
				F4069C5F26683CF8002B32F5 /* CUIBinaryImage.m */,
				F4069C6D26683CF9002B32F5 /* CUICrashLogBacktraces.h */,
				F4069C5C26683CF7002B32F5 /* CUICrashLogBacktraces.m */,
				F4069C6626683CF8002B32F5 /* CUICrashLogBinaryImages.h */,
				F4069C6B26683CF9002B32F5 /* CUICrashLogBinaryImages.m */,
				F4069C6A26683CF9002B32F5 /* CUICrashLogDianosticMessages.h */,
				F4069C6C26683CF9002B32F5 /* CUICrashLogDianosticMessages.m */,
				F4069C5E26683CF8002B32F5 /* CUICrashLogExceptionInformation.h */,
				F4069C6826683CF8002B32F5 /* CUICrashLogExceptionInformation.m */,
				F4069C6026683CF8002B32F5 /* CUICrashLogExceptionInformation+UI.h */,
				F4069C6126683CF8002B32F5 /* CUICrashLogExceptionInformation+UI.m */,
				F4069C6726683CF8002B32F5 /* CUICrashLogHeader.h */,
				F4069C6226683CF8002B32F5 /* CUICrashLogHeader.m */,
				F4069C6326683CF8002B32F5 /* CUICrashLogThreadState.h */,
				F4069C6E26683CF9002B32F5 /* CUICrashLogThreadState.m */,
				F4069C6426683CF8002B32F5 /* CUICrashLogThreadState+UI.h */,
				F4069C6526683CF8002B32F5 /* CUICrashLogThreadState+UI.m */,
				F4069C5D26683CF8002B32F5 /* CUIRegister.h */,
				F4069C6926683CF8002B32F5 /* CUIRegister.m */,
				F4069C9826683DA0002B32F5 /* CUICrashLogSectionsDetector.h */,
				F4069C9926683DA0002B32F5 /* CUICrashLogSectionsDetector.m */,
				F4069C5626683CC7002B32F5 /* CUIRawCrashLog.h */,
				F4069C5426683CC6002B32F5 /* CUIRawCrashLog.m */,
				F4069C5326683CC6002B32F5 /* CUICodeType.h */,
				F4069C5526683CC7002B32F5 /* CUICrashLog.h */,
				F4069C5226683CC6002B32F5 /* CUICrashLog.m */,
				F4069CA126683E33002B32F5 /* CUICrashLogsProvider.h */,
				F4069CA026683E33002B32F5 /* CUICrashLogsProvider.m */,
				F47F76692673577C00A74905 /* CUICrashLogErrors.h */,
				F47F766A2673577C00A74905 /* CUICrashLogErrors.m */,
				F47F766C2673577C00A74905 /* CUICrashLogsOpenErrorRecord.h */,
				F47F766B2673577C00A74905 /* CUICrashLogsOpenErrorRecord.m */,
			);
			name = Model;
			sourceTree = "<group>";
		};
/* End PBXGroup section */

/* Begin PBXHeadersBuildPhase section */
		F48DAE202661207700C93D40 /* Headers */ = {
			isa = PBXHeadersBuildPhase;
			buildActionMask = 2147483647;
			files = (
				F428C0DB27245D0800FB8CAC /* IPSDateFormatter.h in Headers */,
				F428C08F27245CF400FB8CAC /* IPSReport+CrashRepresentation.h in Headers */,
				F428C0EC27245D0800FB8CAC /* IPSIncidentHeader.h in Headers */,
				F4069C8126683CF9002B32F5 /* CUICrashLogBacktraces.h in Headers */,
				F4069CB22668409E002B32F5 /* CUIThemeItemsGroup+UI.h in Headers */,
				F428C0DE27245D0800FB8CAC /* IPSThreadInstructionState.h in Headers */,
				F428C0E227245D0800FB8CAC /* IPSImage.h in Headers */,
				F428C0E027245D0800FB8CAC /* IPSThreadState.h in Headers */,
				F4069C9A26683DA0002B32F5 /* CUICrashLogSectionsDetector.h in Headers */,
				F428C0D427245D0800FB8CAC /* IPSObjectProtocol.h in Headers */,
				F428C0E327245D0800FB8CAC /* IPSExternalModificationStatistics.h in Headers */,
				F47F766D2673577C00A74905 /* CUICrashLogErrors.h in Headers */,
				F4069C9E26683DFF002B32F5 /* CUIOperatingSystemVersion.h in Headers */,
				F428C0EB27245D0800FB8CAC /* IPSRegisterState.h in Headers */,
				F428C0E527245D0800FB8CAC /* IPSLegacyInfo.h in Headers */,
				F4069C7726683CF9002B32F5 /* CUICrashLogThreadState.h in Headers */,
				F4ACF4BD266EC92000272A25 /* CUIThemesManager+QuickLookGenerator.h in Headers */,
				F428C0EA27245D0800FB8CAC /* IPSIncidentDiagnosticMessage.h in Headers */,
				F428C0EE27245D0800FB8CAC /* IPSException.h in Headers */,
				F428C0DC27245D0800FB8CAC /* IPSThreadFrame.h in Headers */,
				F41C5D64266988AB00DE5D3A /* CUIStackFrameComponents.h in Headers */,
				F4069C7A26683CF9002B32F5 /* CUICrashLogBinaryImages.h in Headers */,
				F4069C7E26683CF9002B32F5 /* CUICrashLogDianosticMessages.h in Headers */,
				F4DAFBF42736BA2100FB50A6 /* CUIDataTransform.h in Headers */,
				F428C0E627245D0800FB8CAC /* IPSBundleInfo.h in Headers */,
				F428C0D927245D0800FB8CAC /* IPSExternalModificationSummary.h in Headers */,
				F4069C9426683D2E002B32F5 /* NSArray+WBExtensions.h in Headers */,
				F4069C8326683CF9002B32F5 /* CUIBinaryImage.h in Headers */,
				F428C0D027245D0800FB8CAC /* IPSReport.h in Headers */,
				F428C0C727245D0800FB8CAC /* IPSIncident.h in Headers */,
				F4069C5826683CC7002B32F5 /* CUICodeType.h in Headers */,
				F4069C7126683CF9002B32F5 /* CUIRegister.h in Headers */,
				F428C0CE27245D0800FB8CAC /* IPSError.h in Headers */,
				F480FF77273B01B600905974 /* CUIBinaryImageUtility.h in Headers */,
				F4D0EE99273DB91600CC9737 /* IPSThreadState+RegisterDisplayName.h in Headers */,
				F4069CBF266840FB002B32F5 /* CUIThemeItemAttributes.h in Headers */,
				F4069CA326683E33002B32F5 /* CUICrashLogsProvider.h in Headers */,
				F4069CDE26684199002B32F5 /* CUIOutlineModeDisplaySettings.h in Headers */,
				F4069C7426683CF9002B32F5 /* CUICrashLogExceptionInformation+UI.h in Headers */,
				F4069CD92668416B002B32F5 /* NSDictionary+MutableDeepCopy.h in Headers */,
				F40681CE2669820700BE6BEE /* NSUserDefaults+UNXQuickLookGenerator.h in Headers */,
				F4069CD32668415A002B32F5 /* CUIApplicationPreferences.h in Headers */,
				F4069CD62668415A002B32F5 /* CUIApplicationPreferences+Themes.h in Headers */,
				F4D14D652745BFBC003698AD /* IPSImage+UserCode.h in Headers */,
				F4069CC926684136002B32F5 /* CUIThemesManager.h in Headers */,
				F4069C8D26683D10002B32F5 /* CUICallStackBacktrace.h in Headers */,
				F4069C7226683CF9002B32F5 /* CUICrashLogExceptionInformation.h in Headers */,
				F4069C8F26683D10002B32F5 /* CUIThread.h in Headers */,
				F4069C8E26683D10002B32F5 /* CUIStackFrame.h in Headers */,
				F428C0D727245D0800FB8CAC /* IPSIncidentExceptionInformation.h in Headers */,
				F4FA4327273EF3FE0068EDB8 /* NSString+CPU.h in Headers */,
				F47F76702673577C00A74905 /* CUICrashLogsOpenErrorRecord.h in Headers */,
				F428C0D127245D0800FB8CAC /* IPSTermination.h in Headers */,
				F428C0ED27245D0800FB8CAC /* IPSOperatingSystemVersion.h in Headers */,
				F4069C7B26683CF9002B32F5 /* CUICrashLogHeader.h in Headers */,
				F4069CB5266840D1002B32F5 /* CUIThemeItemsGroup.h in Headers */,
				F4069CCD26684143002B32F5 /* NSArray+UniqueName.h in Headers */,
				F4069C5B26683CC7002B32F5 /* CUIRawCrashLog.h in Headers */,
				F4DAFBF92736BA3100FB50A6 /* CUIIPSTransform.h in Headers */,
				F4069CBE266840FB002B32F5 /* CUITheme.h in Headers */,
				F428C0E427245D0800FB8CAC /* IPSApplicationSpecificInformation.h in Headers */,
				F4069CC52668411A002B32F5 /* NSColor+String.h in Headers */,
				F428C0D527245D0800FB8CAC /* IPSSummary.h in Headers */,
				F4069C5A26683CC7002B32F5 /* CUICrashLog.h in Headers */,
				F428C0DF27245D0800FB8CAC /* IPSThreadInstructionStream.h in Headers */,
				F4069CAB26683F49002B32F5 /* CUITextModeDisplaySettings.h in Headers */,
				F428C0E827245D0800FB8CAC /* IPSThread.h in Headers */,
				F4069CE1266842E5002B32F5 /* NSFileManager+ExtendedAttributes.h in Headers */,
				F4069C7826683CF9002B32F5 /* CUICrashLogThreadState+UI.h in Headers */,
				F4E112B02735E6170072D40B /* CUICrashDataTransform.h in Headers */,
			);
			runOnlyForDeploymentPostprocessing = 0;
		};
/* End PBXHeadersBuildPhase section */

/* Begin PBXNativeTarget section */
		F48DAE242661207700C93D40 /* crashreport */ = {
			isa = PBXNativeTarget;
			buildConfigurationList = F48DAE312661207800C93D40 /* Build configuration list for PBXNativeTarget "crashreport" */;
			buildPhases = (
				F48DAE202661207700C93D40 /* Headers */,
				F48DAE212661207700C93D40 /* Sources */,
				F48DAE222661207700C93D40 /* Frameworks */,
				F48DAE232661207700C93D40 /* Resources */,
			);
			buildRules = (
			);
			dependencies = (
			);
			name = crashreport;
			productName = crashreport;
			productReference = F48DAE252661207800C93D40 /* crashreport.qlgenerator */;
			productType = "com.apple.product-type.bundle";
		};
/* End PBXNativeTarget section */

/* Begin PBXProject section */
		F48DAE1C2661207700C93D40 /* Project object */ = {
			isa = PBXProject;
			attributes = {
				LastUpgradeCheck = 1010;
				ORGANIZATIONNAME = Whitebox;
				TargetAttributes = {
					F48DAE242661207700C93D40 = {
						CreatedOnToolsVersion = 10.1;
					};
				};
			};
			buildConfigurationList = F48DAE1F2661207700C93D40 /* Build configuration list for PBXProject "crashreport" */;
			compatibilityVersion = "Xcode 9.3";
			developmentRegion = en;
			hasScannedForEncodings = 0;
			knownRegions = (
				en,
			);
			mainGroup = F48DAE1B2661207700C93D40;
			productRefGroup = F48DAE262661207800C93D40 /* Products */;
			projectDirPath = "";
			projectRoot = "";
			targets = (
				F48DAE242661207700C93D40 /* crashreport */,
			);
		};
/* End PBXProject section */

/* Begin PBXResourcesBuildPhase section */
		F48DAE232661207700C93D40 /* Resources */ = {
			isa = PBXResourcesBuildPhase;
			buildActionMask = 2147483647;
			files = (
				F4069CE42668430B002B32F5 /* default_themes.plist in Resources */,
			);
			runOnlyForDeploymentPostprocessing = 0;
		};
/* End PBXResourcesBuildPhase section */

/* Begin PBXSourcesBuildPhase section */
		F48DAE212661207700C93D40 /* Sources */ = {
			isa = PBXSourcesBuildPhase;
			buildActionMask = 2147483647;
			files = (
				F428C0D627245D0800FB8CAC /* IPSThread.m in Sources */,
				F4069CC0266840FB002B32F5 /* CUITheme.m in Sources */,
				F4069CC1266840FB002B32F5 /* CUIThemeItemAttributes.m in Sources */,
				F4069C7926683CF9002B32F5 /* CUICrashLogThreadState+UI.m in Sources */,
				F480FF76273B01B600905974 /* CUIBinaryImageUtility.m in Sources */,
				F40681CF2669820700BE6BEE /* NSUserDefaults+UNXQuickLookGenerator.m in Sources */,
				F4069CD52668415A002B32F5 /* CUIApplicationPreferences+Themes.m in Sources */,
				F4E112B12735E6170072D40B /* CUICrashDataTransform.m in Sources */,
				F4069C8226683CF9002B32F5 /* CUICrashLogThreadState.m in Sources */,
				F4069C5926683CC7002B32F5 /* CUIRawCrashLog.m in Sources */,
				F4D14D642745BFBC003698AD /* IPSImage+UserCode.m in Sources */,
				F4069CD42668415A002B32F5 /* CUIApplicationPreferences.m in Sources */,
				F4ACF4BE266EC92000272A25 /* CUIThemesManager+QuickLookGenerator.m in Sources */,
				F428C0CC27245D0800FB8CAC /* IPSTermination.m in Sources */,
				F4069CC62668411A002B32F5 /* NSColor+String.m in Sources */,
				F4069CDD26684199002B32F5 /* CUIOutlineModeDisplaySettings.m in Sources */,
				F428C0E727245D0800FB8CAC /* IPSLegacyInfo.m in Sources */,
				F428C0CD27245D0800FB8CAC /* IPSExternalModificationSummary.m in Sources */,
				F428C0C827245D0800FB8CAC /* IPSRegisterState.m in Sources */,
				F4FA4326273EF3FE0068EDB8 /* NSString+CPU.m in Sources */,
				F4069C9726683D88002B32F5 /* CUIParsingErrors.m in Sources */,
				F4069CDA2668416B002B32F5 /* NSDictionary+MutableDeepCopy.m in Sources */,
				F4069C9B26683DA0002B32F5 /* CUICrashLogSectionsDetector.m in Sources */,
				F4069C8B26683D10002B32F5 /* CUIStackFrame.m in Sources */,
				F4069CE2266842E5002B32F5 /* NSFileManager+ExtendedAttributes.m in Sources */,
				F428C0E127245D0800FB8CAC /* IPSThreadState.m in Sources */,
				F428C0DA27245D0800FB8CAC /* IPSError.m in Sources */,
				F4DAFBF52736BA2100FB50A6 /* CUIDataTransform.m in Sources */,
				F428C0CF27245D0800FB8CAC /* IPSExternalModificationStatistics.m in Sources */,
				F428C0D227245D0800FB8CAC /* IPSBundleInfo.m in Sources */,
				F428C0C627245D0800FB8CAC /* IPSThreadInstructionStream.m in Sources */,
				F4069C7526683CF9002B32F5 /* CUICrashLogExceptionInformation+UI.m in Sources */,
				F4069C5726683CC7002B32F5 /* CUICrashLog.m in Sources */,
				F428C0D827245D0800FB8CAC /* IPSThreadFrame.m in Sources */,
				F428C0C127245D0800FB8CAC /* IPSIncidentHeader.m in Sources */,
				F4069CAC26683F49002B32F5 /* CUITextModeDisplaySettings.m in Sources */,
				F428C0C027245D0800FB8CAC /* IPSImage.m in Sources */,
				F428C0D327245D0800FB8CAC /* IPSException.m in Sources */,
				F4069C8A26683D10002B32F5 /* CUICallStackBacktrace.m in Sources */,
				F4069CA226683E33002B32F5 /* CUICrashLogsProvider.m in Sources */,
				F4069CCA26684136002B32F5 /* CUIThemesManager.m in Sources */,
				F428C0CA27245D0800FB8CAC /* IPSApplicationSpecificInformation.m in Sources */,
				F4069C8C26683D10002B32F5 /* CUIThread.m in Sources */,
				F428C0CB27245D0800FB8CAC /* IPSSummary.m in Sources */,
				F428C09027245CF400FB8CAC /* IPSReport+CrashRepresentation.m in Sources */,
				F428C0C927245D0800FB8CAC /* IPSDateFormatter.m in Sources */,
				F4069C7326683CF9002B32F5 /* CUIBinaryImage.m in Sources */,
				F4069CB12668409E002B32F5 /* CUIThemeItemsGroup+UI.m in Sources */,
				F47F766E2673577C00A74905 /* CUICrashLogErrors.m in Sources */,
				F4069C8026683CF9002B32F5 /* CUICrashLogDianosticMessages.m in Sources */,
				F428C0C227245D0800FB8CAC /* IPSIncidentExceptionInformation.m in Sources */,
				F4069C9326683D2E002B32F5 /* NSArray+WBExtensions.m in Sources */,
				F4DAFBF82736BA3100FB50A6 /* CUIIPSTransform.m in Sources */,
				F4069CB9266840E2002B32F5 /* NSDictionary+WBExtensions.m in Sources */,
				F47F766F2673577C00A74905 /* CUICrashLogsOpenErrorRecord.m in Sources */,
				F48DAE292661207800C93D40 /* GenerateThumbnailForURL.m in Sources */,
				F428C0E927245D0800FB8CAC /* IPSIncident.m in Sources */,
				F4069CB6266840D1002B32F5 /* CUIThemeItemsGroup.m in Sources */,
				F4069C7D26683CF9002B32F5 /* CUIRegister.m in Sources */,
				F4069C7026683CF9002B32F5 /* CUICrashLogBacktraces.m in Sources */,
				F4069C7626683CF9002B32F5 /* CUICrashLogHeader.m in Sources */,
				F428C0DD27245D0800FB8CAC /* IPSOperatingSystemVersion.m in Sources */,
				F4069CCE26684143002B32F5 /* NSArray+UniqueName.m in Sources */,
				F4069C7C26683CF9002B32F5 /* CUICrashLogExceptionInformation.m in Sources */,
				F48DAE2B2661207800C93D40 /* GeneratePreviewForURL.m in Sources */,
				F4069C9F26683DFF002B32F5 /* CUIOperatingSystemVersion.m in Sources */,
				F428C0C327245D0800FB8CAC /* IPSIncidentDiagnosticMessage.m in Sources */,
				F48DAE2D2661207800C93D40 /* main.c in Sources */,
				F4069C7F26683CF9002B32F5 /* CUICrashLogBinaryImages.m in Sources */,
				F4D0EE98273DB91600CC9737 /* IPSThreadState+RegisterDisplayName.m in Sources */,
				F428C0C427245D0800FB8CAC /* IPSReport.m in Sources */,
				F428C0C527245D0800FB8CAC /* IPSThreadInstructionState.m in Sources */,
			);
			runOnlyForDeploymentPostprocessing = 0;
		};
/* End PBXSourcesBuildPhase section */

/* Begin XCBuildConfiguration section */
		F48DAE2F2661207800C93D40 /* Debug */ = {
			isa = XCBuildConfiguration;
			buildSettings = {
				ALWAYS_SEARCH_USER_PATHS = NO;
				CLANG_ANALYZER_NONNULL = YES;
				CLANG_ANALYZER_NUMBER_OBJECT_CONVERSION = YES_AGGRESSIVE;
				CLANG_CXX_LANGUAGE_STANDARD = "gnu++14";
				CLANG_CXX_LIBRARY = "libc++";
				CLANG_ENABLE_MODULES = YES;
				CLANG_ENABLE_OBJC_ARC = YES;
				CLANG_ENABLE_OBJC_WEAK = YES;
				CLANG_WARN_BLOCK_CAPTURE_AUTORELEASING = YES;
				CLANG_WARN_BOOL_CONVERSION = YES;
				CLANG_WARN_COMMA = YES;
				CLANG_WARN_CONSTANT_CONVERSION = YES;
				CLANG_WARN_DEPRECATED_OBJC_IMPLEMENTATIONS = YES;
				CLANG_WARN_DIRECT_OBJC_ISA_USAGE = YES_ERROR;
				CLANG_WARN_DOCUMENTATION_COMMENTS = YES;
				CLANG_WARN_EMPTY_BODY = YES;
				CLANG_WARN_ENUM_CONVERSION = YES;
				CLANG_WARN_INFINITE_RECURSION = YES;
				CLANG_WARN_INT_CONVERSION = YES;
				CLANG_WARN_NON_LITERAL_NULL_CONVERSION = YES;
				CLANG_WARN_OBJC_IMPLICIT_RETAIN_SELF = YES;
				CLANG_WARN_OBJC_LITERAL_CONVERSION = YES;
				CLANG_WARN_OBJC_ROOT_CLASS = YES_ERROR;
				CLANG_WARN_RANGE_LOOP_ANALYSIS = YES;
				CLANG_WARN_STRICT_PROTOTYPES = YES;
				CLANG_WARN_SUSPICIOUS_MOVE = YES;
				CLANG_WARN_UNGUARDED_AVAILABILITY = YES_AGGRESSIVE;
				CLANG_WARN_UNREACHABLE_CODE = YES;
				CLANG_WARN__DUPLICATE_METHOD_MATCH = YES;
				CODE_SIGN_STYLE = Manual;
				COPY_PHASE_STRIP = NO;
				DEBUG_INFORMATION_FORMAT = dwarf;
				ENABLE_STRICT_OBJC_MSGSEND = YES;
				ENABLE_TESTABILITY = YES;
				GCC_C_LANGUAGE_STANDARD = gnu11;
				GCC_DYNAMIC_NO_PIC = NO;
				GCC_NO_COMMON_BLOCKS = YES;
				GCC_OPTIMIZATION_LEVEL = 0;
				GCC_PREPROCESSOR_DEFINITIONS = (
					"DEBUG=1",
					"$(inherited)",
				);
				GCC_WARN_64_TO_32_BIT_CONVERSION = YES;
				GCC_WARN_ABOUT_RETURN_TYPE = YES_ERROR;
				GCC_WARN_UNDECLARED_SELECTOR = YES;
				GCC_WARN_UNINITIALIZED_AUTOS = YES_AGGRESSIVE;
				GCC_WARN_UNUSED_FUNCTION = YES;
				GCC_WARN_UNUSED_VARIABLE = YES;
			};
			name = Debug;
		};
		F48DAE302661207800C93D40 /* Release */ = {
			isa = XCBuildConfiguration;
			buildSettings = {
				ALWAYS_SEARCH_USER_PATHS = NO;
				CLANG_ANALYZER_NONNULL = YES;
				CLANG_ANALYZER_NUMBER_OBJECT_CONVERSION = YES_AGGRESSIVE;
				CLANG_CXX_LANGUAGE_STANDARD = "gnu++14";
				CLANG_CXX_LIBRARY = "libc++";
				CLANG_ENABLE_MODULES = YES;
				CLANG_ENABLE_OBJC_ARC = YES;
				CLANG_ENABLE_OBJC_WEAK = YES;
				CLANG_WARN_BLOCK_CAPTURE_AUTORELEASING = YES;
				CLANG_WARN_BOOL_CONVERSION = YES;
				CLANG_WARN_COMMA = YES;
				CLANG_WARN_CONSTANT_CONVERSION = YES;
				CLANG_WARN_DEPRECATED_OBJC_IMPLEMENTATIONS = YES;
				CLANG_WARN_DIRECT_OBJC_ISA_USAGE = YES_ERROR;
				CLANG_WARN_DOCUMENTATION_COMMENTS = YES;
				CLANG_WARN_EMPTY_BODY = YES;
				CLANG_WARN_ENUM_CONVERSION = YES;
				CLANG_WARN_INFINITE_RECURSION = YES;
				CLANG_WARN_INT_CONVERSION = YES;
				CLANG_WARN_NON_LITERAL_NULL_CONVERSION = YES;
				CLANG_WARN_OBJC_IMPLICIT_RETAIN_SELF = YES;
				CLANG_WARN_OBJC_LITERAL_CONVERSION = YES;
				CLANG_WARN_OBJC_ROOT_CLASS = YES_ERROR;
				CLANG_WARN_RANGE_LOOP_ANALYSIS = YES;
				CLANG_WARN_STRICT_PROTOTYPES = YES;
				CLANG_WARN_SUSPICIOUS_MOVE = YES;
				CLANG_WARN_UNGUARDED_AVAILABILITY = YES_AGGRESSIVE;
				CLANG_WARN_UNREACHABLE_CODE = YES;
				CLANG_WARN__DUPLICATE_METHOD_MATCH = YES;
				CODE_SIGN_STYLE = Manual;
				COPY_PHASE_STRIP = NO;
				DEBUG_INFORMATION_FORMAT = "dwarf-with-dsym";
				ENABLE_NS_ASSERTIONS = NO;
				ENABLE_STRICT_OBJC_MSGSEND = YES;
				GCC_C_LANGUAGE_STANDARD = gnu11;
				GCC_NO_COMMON_BLOCKS = YES;
				GCC_WARN_64_TO_32_BIT_CONVERSION = YES;
				GCC_WARN_ABOUT_RETURN_TYPE = YES_ERROR;
				GCC_WARN_UNDECLARED_SELECTOR = YES;
				GCC_WARN_UNINITIALIZED_AUTOS = YES_AGGRESSIVE;
				GCC_WARN_UNUSED_FUNCTION = YES;
				GCC_WARN_UNUSED_VARIABLE = YES;
			};
			name = Release;
		};
		F48DAE322661207800C93D40 /* Debug */ = {
			isa = XCBuildConfiguration;
			baseConfigurationReference = F48DAE3B266123C300C93D40 /* SharedConfigurationSettings.xcconfig */;
			buildSettings = {
				COMBINE_HIDPI_IMAGES = YES;
				DEBUG_INFORMATION_FORMAT = "dwarf-with-dsym";
				INFOPLIST_FILE = crashreport/Info.plist;
				INSTALL_PATH = /Library/QuickLook;
				OTHER_CFLAGS = "-D__DISABLE_SYMBOLICATION_=1";
				PRODUCT_BUNDLE_IDENTIFIER = fr.whitebox.unexpectedly.qlgenerator.crashreport;
				PRODUCT_MODULE_NAME = crashreport;
				PRODUCT_NAME = "$(TARGET_NAME)";
				VERSIONING_SYSTEM = "apple-generic";
				WRAPPER_EXTENSION = qlgenerator;
			};
			name = Debug;
		};
		F48DAE332661207800C93D40 /* Release */ = {
			isa = XCBuildConfiguration;
			baseConfigurationReference = F48DAE3B266123C300C93D40 /* SharedConfigurationSettings.xcconfig */;
			buildSettings = {
				COMBINE_HIDPI_IMAGES = YES;
				INFOPLIST_FILE = crashreport/Info.plist;
				INSTALL_PATH = /Library/QuickLook;
				OTHER_CFLAGS = "-D__DISABLE_SYMBOLICATION_=1";
				PRODUCT_BUNDLE_IDENTIFIER = fr.whitebox.unexpectedly.qlgenerator.crashreport;
				PRODUCT_MODULE_NAME = crashreport;
				PRODUCT_NAME = "$(TARGET_NAME)";
				VERSIONING_SYSTEM = "apple-generic";
				WRAPPER_EXTENSION = qlgenerator;
			};
			name = Release;
		};
/* End XCBuildConfiguration section */

/* Begin XCConfigurationList section */
		F48DAE1F2661207700C93D40 /* Build configuration list for PBXProject "crashreport" */ = {
			isa = XCConfigurationList;
			buildConfigurations = (
				F48DAE2F2661207800C93D40 /* Debug */,
				F48DAE302661207800C93D40 /* Release */,
			);
			defaultConfigurationIsVisible = 0;
			defaultConfigurationName = Release;
		};
		F48DAE312661207800C93D40 /* Build configuration list for PBXNativeTarget "crashreport" */ = {
			isa = XCConfigurationList;
			buildConfigurations = (
				F48DAE322661207800C93D40 /* Debug */,
				F48DAE332661207800C93D40 /* Release */,
			);
			defaultConfigurationIsVisible = 0;
			defaultConfigurationName = Release;
		};
/* End XCConfigurationList section */
	};
	rootObject = F48DAE1C2661207700C93D40 /* Project object */;
}
